
Microsoft Visual Studio Solution File, Format Version 11.00
# Visual Studio 2010
Project("{FAE04EC0-301F-11D3-BF4B-00C04F79EFBC}") = "DevLib.Net", "DevLib.Net\DevLib.Net.csproj", "{CF145C2E-642F-4EFA-A03D-96B5082E6650}"
EndProject
Project("{FAE04EC0-301F-11D3-BF4B-00C04F79EFBC}") = "DevLib.Main", "DevLib.Main\DevLib.Main.csproj", "{56028A80-F71B-4C0A-9B8B-0FDC6630E570}"
EndProject
Project("{FAE04EC0-301F-11D3-BF4B-00C04F79EFBC}") = "DevLib.ExtensionMethods", "DevLib.ExtensionMethods\DevLib.ExtensionMethods.csproj", "{F5F97EFD-8C16-4018-94F9-DE2F5950D4C0}"
EndProject
Project("{FAE04EC0-301F-11D3-BF4B-00C04F79EFBC}") = "DevLib.WinForms", "DevLib.WinForms\DevLib.WinForms.csproj", "{73AF4976-0D28-4EB8-852E-2B375B6EBC33}"
EndProject
Project("{FAE04EC0-301F-11D3-BF4B-00C04F79EFBC}") = "DevLib.Samples", "DevLib.Samples\DevLib.Samples.csproj", "{62AAD564-CA47-4847-BE14-5D8BD6633792}"
EndProject
Project("{FAE04EC0-301F-11D3-BF4B-00C04F79EFBC}") = "DevLib.Diagnostics", "DevLib.Diagnostics\DevLib.Diagnostics.csproj", "{C04A25AA-0F63-4676-882B-A161128F2E7A}"
EndProject
Project("{FAE04EC0-301F-11D3-BF4B-00C04F79EFBC}") = "DevLib.Utilities", "DevLib.Utilities\DevLib.Utilities.csproj", "{BDC5A581-6F83-4422-BAC9-BC4FD752579A}"
EndProject
Project("{FAE04EC0-301F-11D3-BF4B-00C04F79EFBC}") = "DevLib.ServiceModel", "DevLib.ServiceModel\DevLib.ServiceModel.csproj", "{61266225-A0B6-4792-A8C2-2B99DD02927A}"
EndProject
Project("{FAE04EC0-301F-11D3-BF4B-00C04F79EFBC}") = "DevLib.Settings", "DevLib.Settings\DevLib.Settings.csproj", "{83DFFACE-8534-4C70-BC64-D7989F815009}"
EndProject
Global
	GlobalSection(TeamFoundationVersionControl) = preSolution
		SccNumberOfProjects = 10
		SccEnterpriseProvider = {4CA58AB2-18FA-4F8D-95D4-32DDF27D184C}
		SccTeamFoundationServer = https://tfs.codeplex.com/tfs/tfs06
		SccLocalPath0 = .
		SccProjectUniqueName1 = DevLib.Net\\DevLib.Net.csproj
		SccProjectName1 = DevLib.Net
		SccLocalPath1 = DevLib.Net
		SccProjectUniqueName2 = DevLib.Main\\DevLib.Main.csproj
		SccProjectName2 = DevLib.Main
		SccLocalPath2 = DevLib.Main
		SccProjectUniqueName3 = DevLib.ExtensionMethods\\DevLib.ExtensionMethods.csproj
		SccProjectName3 = DevLib.ExtensionMethods
		SccLocalPath3 = DevLib.ExtensionMethods
		SccProjectUniqueName4 = DevLib.WinForms\\DevLib.WinForms.csproj
		SccProjectName4 = DevLib.WinForms
		SccLocalPath4 = DevLib.WinForms
		SccProjectUniqueName5 = DevLib.Samples\\DevLib.Samples.csproj
		SccProjectName5 = DevLib.Samples
		SccLocalPath5 = DevLib.Samples
		SccProjectUniqueName6 = DevLib.Diagnostics\\DevLib.Diagnostics.csproj
		SccProjectName6 = DevLib.Diagnostics
		SccLocalPath6 = DevLib.Diagnostics
		SccProjectUniqueName7 = DevLib.Utilities\\DevLib.Utilities.csproj
		SccProjectName7 = DevLib.Utilities
		SccLocalPath7 = DevLib.Utilities
		SccProjectUniqueName8 = DevLib.ServiceModel\\DevLib.ServiceModel.csproj
		SccProjectName8 = DevLib.ServiceModel
		SccLocalPath8 = DevLib.ServiceModel
		SccProjectUniqueName9 = DevLib.Settings\\DevLib.Settings.csproj
		SccProjectName9 = DevLib.Settings
		SccLocalPath9 = DevLib.Settings
	EndGlobalSection
	GlobalSection(SolutionConfigurationPlatforms) = preSolution
		Debug|Any CPU = Debug|Any CPU
		Debug|Mixed Platforms = Debug|Mixed Platforms
		Debug|x86 = Debug|x86
		Release|Any CPU = Release|Any CPU
		Release|Mixed Platforms = Release|Mixed Platforms
		Release|x86 = Release|x86
	EndGlobalSection
	GlobalSection(ProjectConfigurationPlatforms) = postSolution
		{CF145C2E-642F-4EFA-A03D-96B5082E6650}.Debug|Any CPU.ActiveCfg = Debug|Any CPU
		{CF145C2E-642F-4EFA-A03D-96B5082E6650}.Debug|Any CPU.Build.0 = Debug|Any CPU
		{CF145C2E-642F-4EFA-A03D-96B5082E6650}.Debug|Mixed Platforms.ActiveCfg = Debug|Any CPU
		{CF145C2E-642F-4EFA-A03D-96B5082E6650}.Debug|Mixed Platforms.Build.0 = Debug|Any CPU
		{CF145C2E-642F-4EFA-A03D-96B5082E6650}.Debug|x86.ActiveCfg = Debug|Any CPU
		{CF145C2E-642F-4EFA-A03D-96B5082E6650}.Release|Any CPU.ActiveCfg = Release|Any CPU
		{CF145C2E-642F-4EFA-A03D-96B5082E6650}.Release|Any CPU.Build.0 = Release|Any CPU
		{CF145C2E-642F-4EFA-A03D-96B5082E6650}.Release|Mixed Platforms.ActiveCfg = Release|Any CPU
		{CF145C2E-642F-4EFA-A03D-96B5082E6650}.Release|Mixed Platforms.Build.0 = Release|Any CPU
		{CF145C2E-642F-4EFA-A03D-96B5082E6650}.Release|x86.ActiveCfg = Release|Any CPU
		{CF145C2E-642F-4EFA-A03D-96B5082E6650}.Release|x86.Build.0 = Release|Any CPU
		{56028A80-F71B-4C0A-9B8B-0FDC6630E570}.Debug|Any CPU.ActiveCfg = Debug|Any CPU
		{56028A80-F71B-4C0A-9B8B-0FDC6630E570}.Debug|Any CPU.Build.0 = Debug|Any CPU
		{56028A80-F71B-4C0A-9B8B-0FDC6630E570}.Debug|Mixed Platforms.ActiveCfg = Debug|Any CPU
		{56028A80-F71B-4C0A-9B8B-0FDC6630E570}.Debug|Mixed Platforms.Build.0 = Debug|Any CPU
		{56028A80-F71B-4C0A-9B8B-0FDC6630E570}.Debug|x86.ActiveCfg = Debug|Any CPU
		{56028A80-F71B-4C0A-9B8B-0FDC6630E570}.Release|Any CPU.ActiveCfg = Release|Any CPU
		{56028A80-F71B-4C0A-9B8B-0FDC6630E570}.Release|Any CPU.Build.0 = Release|Any CPU
		{56028A80-F71B-4C0A-9B8B-0FDC6630E570}.Release|Mixed Platforms.ActiveCfg = Release|Any CPU
		{56028A80-F71B-4C0A-9B8B-0FDC6630E570}.Release|Mixed Platforms.Build.0 = Release|Any CPU
		{56028A80-F71B-4C0A-9B8B-0FDC6630E570}.Release|x86.ActiveCfg = Release|Any CPU
		{56028A80-F71B-4C0A-9B8B-0FDC6630E570}.Release|x86.Build.0 = Release|Any CPU
		{F5F97EFD-8C16-4018-94F9-DE2F5950D4C0}.Debug|Any CPU.ActiveCfg = Debug|Any CPU
		{F5F97EFD-8C16-4018-94F9-DE2F5950D4C0}.Debug|Any CPU.Build.0 = Debug|Any CPU
		{F5F97EFD-8C16-4018-94F9-DE2F5950D4C0}.Debug|Mixed Platforms.ActiveCfg = Debug|Any CPU
		{F5F97EFD-8C16-4018-94F9-DE2F5950D4C0}.Debug|Mixed Platforms.Build.0 = Debug|Any CPU
		{F5F97EFD-8C16-4018-94F9-DE2F5950D4C0}.Debug|x86.ActiveCfg = Debug|Any CPU
		{F5F97EFD-8C16-4018-94F9-DE2F5950D4C0}.Release|Any CPU.ActiveCfg = Release|Any CPU
		{F5F97EFD-8C16-4018-94F9-DE2F5950D4C0}.Release|Any CPU.Build.0 = Release|Any CPU
		{F5F97EFD-8C16-4018-94F9-DE2F5950D4C0}.Release|Mixed Platforms.ActiveCfg = Release|Any CPU
		{F5F97EFD-8C16-4018-94F9-DE2F5950D4C0}.Release|Mixed Platforms.Build.0 = Release|Any CPU
		{F5F97EFD-8C16-4018-94F9-DE2F5950D4C0}.Release|x86.ActiveCfg = Release|Any CPU
		{F5F97EFD-8C16-4018-94F9-DE2F5950D4C0}.Release|x86.Build.0 = Release|Any CPU
		{73AF4976-0D28-4EB8-852E-2B375B6EBC33}.Debug|Any CPU.ActiveCfg = Debug|Any CPU
		{73AF4976-0D28-4EB8-852E-2B375B6EBC33}.Debug|Any CPU.Build.0 = Debug|Any CPU
		{73AF4976-0D28-4EB8-852E-2B375B6EBC33}.Debug|Mixed Platforms.ActiveCfg = Debug|Any CPU
		{73AF4976-0D28-4EB8-852E-2B375B6EBC33}.Debug|Mixed Platforms.Build.0 = Debug|Any CPU
		{73AF4976-0D28-4EB8-852E-2B375B6EBC33}.Debug|x86.ActiveCfg = Debug|Any CPU
		{73AF4976-0D28-4EB8-852E-2B375B6EBC33}.Release|Any CPU.ActiveCfg = Release|Any CPU
		{73AF4976-0D28-4EB8-852E-2B375B6EBC33}.Release|Any CPU.Build.0 = Release|Any CPU
		{73AF4976-0D28-4EB8-852E-2B375B6EBC33}.Release|Mixed Platforms.ActiveCfg = Release|Any CPU
		{73AF4976-0D28-4EB8-852E-2B375B6EBC33}.Release|Mixed Platforms.Build.0 = Release|Any CPU
		{73AF4976-0D28-4EB8-852E-2B375B6EBC33}.Release|x86.ActiveCfg = Release|Any CPU
		{73AF4976-0D28-4EB8-852E-2B375B6EBC33}.Release|x86.Build.0 = Release|Any CPU
		{62AAD564-CA47-4847-BE14-5D8BD6633792}.Debug|Any CPU.ActiveCfg = Debug|x86
		{62AAD564-CA47-4847-BE14-5D8BD6633792}.Debug|Any CPU.Build.0 = Debug|x86
		{62AAD564-CA47-4847-BE14-5D8BD6633792}.Debug|Mixed Platforms.ActiveCfg = Debug|x86
		{62AAD564-CA47-4847-BE14-5D8BD6633792}.Debug|Mixed Platforms.Build.0 = Debug|x86
		{62AAD564-CA47-4847-BE14-5D8BD6633792}.Debug|x86.ActiveCfg = Debug|x86
		{62AAD564-CA47-4847-BE14-5D8BD6633792}.Debug|x86.Build.0 = Debug|x86
		{62AAD564-CA47-4847-BE14-5D8BD6633792}.Release|Any CPU.ActiveCfg = Release|x86
		{62AAD564-CA47-4847-BE14-5D8BD6633792}.Release|Any CPU.Build.0 = Release|x86
		{62AAD564-CA47-4847-BE14-5D8BD6633792}.Release|Mixed Platforms.ActiveCfg = Release|x86
		{62AAD564-CA47-4847-BE14-5D8BD6633792}.Release|Mixed Platforms.Build.0 = Release|x86
		{62AAD564-CA47-4847-BE14-5D8BD6633792}.Release|x86.ActiveCfg = Release|x86
		{62AAD564-CA47-4847-BE14-5D8BD6633792}.Release|x86.Build.0 = Release|x86
		{C04A25AA-0F63-4676-882B-A161128F2E7A}.Debug|Any CPU.ActiveCfg = Debug|Any CPU
		{C04A25AA-0F63-4676-882B-A161128F2E7A}.Debug|Any CPU.Build.0 = Debug|Any CPU
		{C04A25AA-0F63-4676-882B-A161128F2E7A}.Debug|Mixed Platforms.ActiveCfg = Debug|Any CPU
		{C04A25AA-0F63-4676-882B-A161128F2E7A}.Debug|Mixed Platforms.Build.0 = Debug|Any CPU
		{C04A25AA-0F63-4676-882B-A161128F2E7A}.Debug|x86.ActiveCfg = Debug|Any CPU
		{C04A25AA-0F63-4676-882B-A161128F2E7A}.Release|Any CPU.ActiveCfg = Release|Any CPU
		{C04A25AA-0F63-4676-882B-A161128F2E7A}.Release|Any CPU.Build.0 = Release|Any CPU
		{C04A25AA-0F63-4676-882B-A161128F2E7A}.Release|Mixed Platforms.ActiveCfg = Release|Any CPU
		{C04A25AA-0F63-4676-882B-A161128F2E7A}.Release|Mixed Platforms.Build.0 = Release|Any CPU
		{C04A25AA-0F63-4676-882B-A161128F2E7A}.Release|x86.ActiveCfg = Release|Any CPU
		{C04A25AA-0F63-4676-882B-A161128F2E7A}.Release|x86.Build.0 = Release|Any CPU
		{BDC5A581-6F83-4422-BAC9-BC4FD752579A}.Debug|Any CPU.ActiveCfg = Debug|Any CPU
		{BDC5A581-6F83-4422-BAC9-BC4FD752579A}.Debug|Any CPU.Build.0 = Debug|Any CPU
		{BDC5A581-6F83-4422-BAC9-BC4FD752579A}.Debug|Mixed Platforms.ActiveCfg = Debug|Any CPU
		{BDC5A581-6F83-4422-BAC9-BC4FD752579A}.Debug|Mixed Platforms.Build.0 = Debug|Any CPU
		{BDC5A581-6F83-4422-BAC9-BC4FD752579A}.Debug|x86.ActiveCfg = Debug|Any CPU
		{BDC5A581-6F83-4422-BAC9-BC4FD752579A}.Release|Any CPU.ActiveCfg = Release|Any CPU
		{BDC5A581-6F83-4422-BAC9-BC4FD752579A}.Release|Any CPU.Build.0 = Release|Any CPU
		{BDC5A581-6F83-4422-BAC9-BC4FD752579A}.Release|Mixed Platforms.ActiveCfg = Release|Any CPU
		{BDC5A581-6F83-4422-BAC9-BC4FD752579A}.Release|Mixed Platforms.Build.0 = Release|Any CPU
		{BDC5A581-6F83-4422-BAC9-BC4FD752579A}.Release|x86.ActiveCfg = Release|Any CPU
		{BDC5A581-6F83-4422-BAC9-BC4FD752579A}.Release|x86.Build.0 = Release|Any CPU
		{61266225-A0B6-4792-A8C2-2B99DD02927A}.Debug|Any CPU.ActiveCfg = Debug|Any CPU
		{61266225-A0B6-4792-A8C2-2B99DD02927A}.Debug|Any CPU.Build.0 = Debug|Any CPU
		{61266225-A0B6-4792-A8C2-2B99DD02927A}.Debug|Mixed Platforms.ActiveCfg = Debug|Any CPU
		{61266225-A0B6-4792-A8C2-2B99DD02927A}.Debug|Mixed Platforms.Build.0 = Debug|Any CPU
		{61266225-A0B6-4792-A8C2-2B99DD02927A}.Debug|x86.ActiveCfg = Debug|Any CPU
		{61266225-A0B6-4792-A8C2-2B99DD02927A}.Release|Any CPU.ActiveCfg = Release|Any CPU
		{61266225-A0B6-4792-A8C2-2B99DD02927A}.Release|Any CPU.Build.0 = Release|Any CPU
		{61266225-A0B6-4792-A8C2-2B99DD02927A}.Release|Mixed Platforms.ActiveCfg = Release|Any CPU
		{61266225-A0B6-4792-A8C2-2B99DD02927A}.Release|Mixed Platforms.Build.0 = Release|Any CPU
		{61266225-A0B6-4792-A8C2-2B99DD02927A}.Release|x86.ActiveCfg = Release|Any CPU
		{83DFFACE-8534-4C70-BC64-D7989F815009}.Debug|Any CPU.ActiveCfg = Debug|Any CPU
		{83DFFACE-8534-4C70-BC64-D7989F815009}.Debug|Any CPU.Build.0 = Debug|Any CPU
		{83DFFACE-8534-4C70-BC64-D7989F815009}.Debug|Mixed Platforms.ActiveCfg = Debug|Any CPU
		{83DFFACE-8534-4C70-BC64-D7989F815009}.Debug|Mixed Platforms.Build.0 = Debug|Any CPU
		{83DFFACE-8534-4C70-BC64-D7989F815009}.Debug|x86.ActiveCfg = Debug|Any CPU
		{83DFFACE-8534-4C70-BC64-D7989F815009}.Release|Any CPU.ActiveCfg = Release|Any CPU
		{83DFFACE-8534-4C70-BC64-D7989F815009}.Release|Any CPU.Build.0 = Release|Any CPU
		{83DFFACE-8534-4C70-BC64-D7989F815009}.Release|Mixed Platforms.ActiveCfg = Release|Any CPU
		{83DFFACE-8534-4C70-BC64-D7989F815009}.Release|Mixed Platforms.Build.0 = Release|Any CPU
		{83DFFACE-8534-4C70-BC64-D7989F815009}.Release|x86.ActiveCfg = Release|Any CPU
	EndGlobalSection
	GlobalSection(SolutionProperties) = preSolution
		HideSolutionNode = FALSE
	EndGlobalSection
EndGlobal
