
Microsoft Visual Studio Solution File, Format Version 11.00
# Visual Studio 2010
Project("{FAE04EC0-301F-11D3-BF4B-00C04F79EFBC}") = "DevLib.Samples", "DevLib.Samples\DevLib.Samples.csproj", "{62AAD564-CA47-4847-BE14-5D8BD6633792}"
EndProject
Project("{FAE04EC0-301F-11D3-BF4B-00C04F79EFBC}") = "DevLib.AddIn", "DevLib.AddIn\DevLib.AddIn.csproj", "{D2B536FD-62D2-46BA-9938-872C120C3FBF}"
EndProject
Project("{FAE04EC0-301F-11D3-BF4B-00C04F79EFBC}") = "DevLib.Diagnostics", "DevLib.Diagnostics\DevLib.Diagnostics.csproj", "{C04A25AA-0F63-4676-882B-A161128F2E7A}"
EndProject
Project("{FAE04EC0-301F-11D3-BF4B-00C04F79EFBC}") = "DevLib.ExtensionMethods", "DevLib.ExtensionMethods\DevLib.ExtensionMethods.csproj", "{F5F97EFD-8C16-4018-94F9-DE2F5950D4C0}"
EndProject
Project("{FAE04EC0-301F-11D3-BF4B-00C04F79EFBC}") = "DevLib.Main", "DevLib.Main\DevLib.Main.csproj", "{56028A80-F71B-4C0A-9B8B-0FDC6630E570}"
EndProject
Project("{FAE04EC0-301F-11D3-BF4B-00C04F79EFBC}") = "DevLib.Net", "DevLib.Net\DevLib.Net.csproj", "{CF145C2E-642F-4EFA-A03D-96B5082E6650}"
EndProject
Project("{FAE04EC0-301F-11D3-BF4B-00C04F79EFBC}") = "DevLib.ServiceModel", "DevLib.ServiceModel\DevLib.ServiceModel.csproj", "{61266225-A0B6-4792-A8C2-2B99DD02927A}"
EndProject
Project("{FAE04EC0-301F-11D3-BF4B-00C04F79EFBC}") = "DevLib.Utilities", "DevLib.Utilities\DevLib.Utilities.csproj", "{BDC5A581-6F83-4422-BAC9-BC4FD752579A}"
EndProject
Project("{FAE04EC0-301F-11D3-BF4B-00C04F79EFBC}") = "DevLib.WinForms", "DevLib.WinForms\DevLib.WinForms.csproj", "{73AF4976-0D28-4EB8-852E-2B375B6EBC33}"
EndProject
Project("{FAE04EC0-301F-11D3-BF4B-00C04F79EFBC}") = "DevLib.DesignPatterns", "DevLib.DesignPatterns\DevLib.DesignPatterns.csproj", "{FBA87267-25F7-4363-A5E2-D12DCB011222}"
EndProject
Project("{FAE04EC0-301F-11D3-BF4B-00C04F79EFBC}") = "DevLib.ServiceProcess", "DevLib.ServiceProcess\DevLib.ServiceProcess.csproj", "{40B2A751-81AA-4873-8477-3025C8CE2795}"
EndProject
Project("{2150E333-8FDC-42A3-9474-1A3956D46DE8}") = "DevLib.Architecture", "DevLib.Architecture", "{FD5FDBEF-C2E7-4DE9-9BED-5AD68B026715}"
	ProjectSection(SolutionItems) = preProject
		DevLib.Architecture\LayeredArchitectureSolutionVS2008.sln = DevLib.Architecture\LayeredArchitectureSolutionVS2008.sln
		DevLib.Architecture\LayeredArchitectureSolutionVS2010.sln = DevLib.Architecture\LayeredArchitectureSolutionVS2010.sln
		DevLib.Architecture\LayeredArchitectureSolutionVS2012.sln = DevLib.Architecture\LayeredArchitectureSolutionVS2012.sln
		DevLib.Architecture\LayeredArchitectureSolutionVS2013.sln = DevLib.Architecture\LayeredArchitectureSolutionVS2013.sln
	EndProjectSection
EndProject
Project("{F088123C-0E9E-452A-89E6-6BA2F21D5CAC}") = "DevLib.Architecture.ModelingProject", "DevLib.Architecture.ModelingProject\DevLib.Architecture.ModelingProject.modelproj", "{8FF56378-ECEC-4EEC-A68F-43184B0C388E}"
EndProject
Project("{FAE04EC0-301F-11D3-BF4B-00C04F79EFBC}") = "DevLib.Configuration", "DevLib.Configuration\DevLib.Configuration.csproj", "{29304ED4-092E-4E59-9AE5-36296920D8B5}"
EndProject
Project("{FAE04EC0-301F-11D3-BF4B-00C04F79EFBC}") = "DevLib.Compression", "DevLib.Compression\DevLib.Compression.csproj", "{D43C60CD-B4EE-4589-B3FB-DE4CEEF85A61}"
EndProject
Project("{FAE04EC0-301F-11D3-BF4B-00C04F79EFBC}") = "DevLib.TerminalServices", "DevLib.TerminalServices\DevLib.TerminalServices.csproj", "{254E792E-ECFC-4617-9286-77609816B773}"
EndProject
Project("{FAE04EC0-301F-11D3-BF4B-00C04F79EFBC}") = "DevLib.DaemonProcess", "DevLib.DaemonProcess\DevLib.DaemonProcess.csproj", "{5E84B29E-5E05-47D8-B8E3-9A9D2972BC26}"
EndProject
Project("{FAE04EC0-301F-11D3-BF4B-00C04F79EFBC}") = "DevLib.Ioc", "DevLib.Ioc\DevLib.Ioc.csproj", "{E13B019D-05DA-4E49-8611-8AC4E1D62775}"
EndProject
Project("{FAE04EC0-301F-11D3-BF4B-00C04F79EFBC}") = "DevLib.Logging", "DevLib.Logging\DevLib.Logging.csproj", "{D7BA9F42-E97C-403A-B022-744E367A11F1}"
EndProject
Project("{FAE04EC0-301F-11D3-BF4B-00C04F79EFBC}") = "DevLib.IO", "DevLib.IO\DevLib.IO.csproj", "{BB64005D-AA1A-4F60-B1B0-7295D56750A8}"
EndProject
Project("{FAE04EC0-301F-11D3-BF4B-00C04F79EFBC}") = "DevLib.Timers", "DevLib.Timers\DevLib.Timers.csproj", "{7FBD602E-F982-47C4-A7E1-54FFB24C35C0}"
EndProject
Project("{FAE04EC0-301F-11D3-BF4B-00C04F79EFBC}") = "DevLib.Data", "DevLib.Data\DevLib.Data.csproj", "{B4D3C579-7EF9-4FC1-894C-6DCC403EC4F1}"
EndProject
Project("{FAE04EC0-301F-11D3-BF4B-00C04F79EFBC}") = "DevLib.Reflection", "DevLib.Reflection\DevLib.Reflection.csproj", "{80EDAB7E-57DA-4995-A42C-74D09BDEF78F}"
EndProject
Project("{FAE04EC0-301F-11D3-BF4B-00C04F79EFBC}") = "DevLib.Dynamic", "DevLib.Dynamic\DevLib.Dynamic.csproj", "{7AC78159-7869-4615-B918-DC5E410FBB44}"
EndProject
Project("{FAE04EC0-301F-11D3-BF4B-00C04F79EFBC}") = "DevLib.Expressions", "DevLib.Expressions\DevLib.Expressions.csproj", "{27578DA1-4CA9-4AC8-BBC4-C5A5C6584427}"
EndProject
Project("{FAE04EC0-301F-11D3-BF4B-00C04F79EFBC}") = "DevLib.Xml", "DevLib.Xml\DevLib.Xml.csproj", "{2D70BC07-DC9D-4B2A-901A-7BBD53988B21}"
EndProject
Project("{FAE04EC0-301F-11D3-BF4B-00C04F79EFBC}") = "DevLib.Serialization", "DevLib.Serialization\DevLib.Serialization.csproj", "{E263E10B-9DF6-44F8-9E58-34338316F08E}"
EndProject
Project("{FAE04EC0-301F-11D3-BF4B-00C04F79EFBC}") = "DevLib.Csv", "DevLib.Csv\DevLib.Csv.csproj", "{A4F5E387-C533-4C80-A8A2-DBE4E2A3069A}"
EndProject
Project("{FAE04EC0-301F-11D3-BF4B-00C04F79EFBC}") = "DevLib.Input", "DevLib.Input\DevLib.Input.csproj", "{1421FFB1-D17E-4674-A313-34B5EC09D83B}"
EndProject
Project("{FAE04EC0-301F-11D3-BF4B-00C04F79EFBC}") = "DevLib.Remoting", "DevLib.Remoting\DevLib.Remoting.csproj", "{BD70852E-8B00-452B-A871-174DEE86E056}"
EndProject
Project("{FAE04EC0-301F-11D3-BF4B-00C04F79EFBC}") = "DevLib.Parameters", "DevLib.Parameters\DevLib.Parameters.csproj", "{2EDCA3CE-68F5-4B8D-B145-A7747C185E0F}"
EndProject
Project("{FAE04EC0-301F-11D3-BF4B-00C04F79EFBC}") = "DevLib.Web", "DevLib.Web\DevLib.Web.csproj", "{9656A664-9CF7-4834-AB8A-49D25DE2BF29}"
EndProject
Global
	GlobalSection(TeamFoundationVersionControl) = preSolution
		SccNumberOfProjects = 32
		SccEnterpriseProvider = {4CA58AB2-18FA-4F8D-95D4-32DDF27D184C}
		SccTeamFoundationServer = https://tfs.codeplex.com/tfs/tfs06
		SccLocalPath0 = .
		SccProjectUniqueName1 = DevLib.Samples\\DevLib.Samples.csproj
		SccProjectName1 = DevLib.Samples
		SccLocalPath1 = DevLib.Samples
		SccProjectUniqueName2 = DevLib.AddIn\\DevLib.AddIn.csproj
		SccProjectName2 = DevLib.AddIn
		SccLocalPath2 = DevLib.AddIn
		SccProjectUniqueName3 = DevLib.Diagnostics\\DevLib.Diagnostics.csproj
		SccProjectName3 = DevLib.Diagnostics
		SccLocalPath3 = DevLib.Diagnostics
		SccProjectUniqueName4 = DevLib.ExtensionMethods\\DevLib.ExtensionMethods.csproj
		SccProjectName4 = DevLib.ExtensionMethods
		SccLocalPath4 = DevLib.ExtensionMethods
		SccProjectUniqueName5 = DevLib.Main\\DevLib.Main.csproj
		SccProjectName5 = DevLib.Main
		SccLocalPath5 = DevLib.Main
		SccProjectUniqueName6 = DevLib.Net\\DevLib.Net.csproj
		SccProjectName6 = DevLib.Net
		SccLocalPath6 = DevLib.Net
		SccProjectUniqueName7 = DevLib.ServiceModel\\DevLib.ServiceModel.csproj
		SccProjectName7 = DevLib.ServiceModel
		SccLocalPath7 = DevLib.ServiceModel
		SccProjectUniqueName8 = DevLib.Utilities\\DevLib.Utilities.csproj
		SccProjectName8 = DevLib.Utilities
		SccLocalPath8 = DevLib.Utilities
		SccProjectUniqueName9 = DevLib.WinForms\\DevLib.WinForms.csproj
		SccProjectName9 = DevLib.WinForms
		SccLocalPath9 = DevLib.WinForms
		SccProjectUniqueName10 = DevLib.DesignPatterns\\DevLib.DesignPatterns.csproj
		SccProjectName10 = DevLib.DesignPatterns
		SccLocalPath10 = DevLib.DesignPatterns
		SccProjectUniqueName11 = DevLib.ServiceProcess\\DevLib.ServiceProcess.csproj
		SccProjectName11 = DevLib.ServiceProcess
		SccLocalPath11 = DevLib.ServiceProcess
		SccProjectUniqueName12 = DevLib.Architecture.ModelingProject\\DevLib.Architecture.ModelingProject.modelproj
		SccProjectTopLevelParentUniqueName12 = DevLib.sln
		SccProjectName12 = DevLib.Architecture.ModelingProject
		SccLocalPath12 = DevLib.Architecture.ModelingProject
		SccProjectUniqueName13 = DevLib.Configuration\\DevLib.Configuration.csproj
		SccProjectName13 = DevLib.Configuration
		SccLocalPath13 = DevLib.Configuration
		SccProjectUniqueName14 = DevLib.Compression\\DevLib.Compression.csproj
		SccProjectName14 = DevLib.Compression
		SccLocalPath14 = DevLib.Compression
		SccProjectUniqueName15 = DevLib.TerminalServices\\DevLib.TerminalServices.csproj
		SccProjectName15 = DevLib.TerminalServices
		SccLocalPath15 = DevLib.TerminalServices
		SccProjectUniqueName16 = DevLib.DaemonProcess\\DevLib.DaemonProcess.csproj
		SccProjectName16 = DevLib.DaemonProcess
		SccLocalPath16 = DevLib.DaemonProcess
		SccProjectUniqueName17 = DevLib.Ioc\\DevLib.Ioc.csproj
		SccProjectName17 = DevLib.Ioc
		SccLocalPath17 = DevLib.Ioc
		SccProjectUniqueName18 = DevLib.Logging\\DevLib.Logging.csproj
		SccProjectName18 = DevLib.Logging
		SccLocalPath18 = DevLib.Logging
		SccProjectUniqueName19 = DevLib.IO\\DevLib.IO.csproj
		SccProjectName19 = DevLib.IO
		SccLocalPath19 = DevLib.IO
		SccProjectUniqueName20 = DevLib.Timers\\DevLib.Timers.csproj
		SccProjectName20 = DevLib.Timers
		SccLocalPath20 = DevLib.Timers
		SccProjectUniqueName21 = DevLib.Data\\DevLib.Data.csproj
		SccProjectName21 = DevLib.Data
		SccLocalPath21 = DevLib.Data
		SccProjectUniqueName22 = DevLib.Reflection\\DevLib.Reflection.csproj
		SccProjectName22 = DevLib.Reflection
		SccLocalPath22 = DevLib.Reflection
		SccProjectUniqueName23 = DevLib.Dynamic\\DevLib.Dynamic.csproj
		SccProjectName23 = DevLib.Dynamic
		SccLocalPath23 = DevLib.Dynamic
		SccProjectUniqueName24 = DevLib.Expressions\\DevLib.Expressions.csproj
		SccProjectName24 = DevLib.Expressions
		SccLocalPath24 = DevLib.Expressions
		SccProjectUniqueName25 = DevLib.Xml\\DevLib.Xml.csproj
		SccProjectName25 = DevLib.Xml
		SccLocalPath25 = DevLib.Xml
		SccProjectUniqueName26 = DevLib.Serialization\\DevLib.Serialization.csproj
		SccProjectName26 = DevLib.Serialization
		SccLocalPath26 = DevLib.Serialization
		SccProjectUniqueName27 = DevLib.Csv\\DevLib.Csv.csproj
		SccProjectName27 = DevLib.Csv
		SccLocalPath27 = DevLib.Csv
		SccProjectUniqueName28 = DevLib.Input\\DevLib.Input.csproj
		SccProjectName28 = DevLib.Input
		SccLocalPath28 = DevLib.Input
		SccProjectUniqueName29 = DevLib.Remoting\\DevLib.Remoting.csproj
		SccProjectName29 = DevLib.Remoting
		SccLocalPath29 = DevLib.Remoting
		SccProjectUniqueName30 = DevLib.Parameters\\DevLib.Parameters.csproj
		SccProjectName30 = DevLib.Parameters
		SccLocalPath30 = DevLib.Parameters
		SccProjectUniqueName31 = DevLib.Web\\DevLib.Web.csproj
		SccProjectName31 = DevLib.Web
		SccLocalPath31 = DevLib.Web
	EndGlobalSection
	GlobalSection(SolutionConfigurationPlatforms) = preSolution
		Debug|Any CPU = Debug|Any CPU
		Debug|Mixed Platforms = Debug|Mixed Platforms
		Debug|x86 = Debug|x86
		Release|Any CPU = Release|Any CPU
		Release|Mixed Platforms = Release|Mixed Platforms
		Release|x86 = Release|x86
	EndGlobalSection
	GlobalSection(ProjectConfigurationPlatforms) = postSolution
		{62AAD564-CA47-4847-BE14-5D8BD6633792}.Debug|Any CPU.ActiveCfg = Debug|x86
		{62AAD564-CA47-4847-BE14-5D8BD6633792}.Debug|Any CPU.Build.0 = Debug|x86
		{62AAD564-CA47-4847-BE14-5D8BD6633792}.Debug|Mixed Platforms.ActiveCfg = Debug|x86
		{62AAD564-CA47-4847-BE14-5D8BD6633792}.Debug|Mixed Platforms.Build.0 = Debug|x86
		{62AAD564-CA47-4847-BE14-5D8BD6633792}.Debug|x86.ActiveCfg = Debug|x86
		{62AAD564-CA47-4847-BE14-5D8BD6633792}.Debug|x86.Build.0 = Debug|x86
		{62AAD564-CA47-4847-BE14-5D8BD6633792}.Release|Any CPU.ActiveCfg = Release|x86
		{62AAD564-CA47-4847-BE14-5D8BD6633792}.Release|Any CPU.Build.0 = Release|x86
		{62AAD564-CA47-4847-BE14-5D8BD6633792}.Release|Mixed Platforms.ActiveCfg = Release|x86
		{62AAD564-CA47-4847-BE14-5D8BD6633792}.Release|Mixed Platforms.Build.0 = Release|x86
		{62AAD564-CA47-4847-BE14-5D8BD6633792}.Release|x86.ActiveCfg = Release|x86
		{62AAD564-CA47-4847-BE14-5D8BD6633792}.Release|x86.Build.0 = Release|x86
		{D2B536FD-62D2-46BA-9938-872C120C3FBF}.Debug|Any CPU.ActiveCfg = Debug|Any CPU
		{D2B536FD-62D2-46BA-9938-872C120C3FBF}.Debug|Any CPU.Build.0 = Debug|Any CPU
		{D2B536FD-62D2-46BA-9938-872C120C3FBF}.Debug|Mixed Platforms.ActiveCfg = Debug|Any CPU
		{D2B536FD-62D2-46BA-9938-872C120C3FBF}.Debug|Mixed Platforms.Build.0 = Debug|Any CPU
		{D2B536FD-62D2-46BA-9938-872C120C3FBF}.Debug|x86.ActiveCfg = Debug|Any CPU
		{D2B536FD-62D2-46BA-9938-872C120C3FBF}.Release|Any CPU.ActiveCfg = Release|Any CPU
		{D2B536FD-62D2-46BA-9938-872C120C3FBF}.Release|Any CPU.Build.0 = Release|Any CPU
		{D2B536FD-62D2-46BA-9938-872C120C3FBF}.Release|Mixed Platforms.ActiveCfg = Release|Any CPU
		{D2B536FD-62D2-46BA-9938-872C120C3FBF}.Release|Mixed Platforms.Build.0 = Release|Any CPU
		{D2B536FD-62D2-46BA-9938-872C120C3FBF}.Release|x86.ActiveCfg = Release|Any CPU
		{C04A25AA-0F63-4676-882B-A161128F2E7A}.Debug|Any CPU.ActiveCfg = Debug|Any CPU
		{C04A25AA-0F63-4676-882B-A161128F2E7A}.Debug|Any CPU.Build.0 = Debug|Any CPU
		{C04A25AA-0F63-4676-882B-A161128F2E7A}.Debug|Mixed Platforms.ActiveCfg = Debug|Any CPU
		{C04A25AA-0F63-4676-882B-A161128F2E7A}.Debug|Mixed Platforms.Build.0 = Debug|Any CPU
		{C04A25AA-0F63-4676-882B-A161128F2E7A}.Debug|x86.ActiveCfg = Debug|Any CPU
		{C04A25AA-0F63-4676-882B-A161128F2E7A}.Release|Any CPU.ActiveCfg = Release|Any CPU
		{C04A25AA-0F63-4676-882B-A161128F2E7A}.Release|Any CPU.Build.0 = Release|Any CPU
		{C04A25AA-0F63-4676-882B-A161128F2E7A}.Release|Mixed Platforms.ActiveCfg = Release|Any CPU
		{C04A25AA-0F63-4676-882B-A161128F2E7A}.Release|Mixed Platforms.Build.0 = Release|Any CPU
		{C04A25AA-0F63-4676-882B-A161128F2E7A}.Release|x86.ActiveCfg = Release|Any CPU
		{C04A25AA-0F63-4676-882B-A161128F2E7A}.Release|x86.Build.0 = Release|Any CPU
		{F5F97EFD-8C16-4018-94F9-DE2F5950D4C0}.Debug|Any CPU.ActiveCfg = Debug|Any CPU
		{F5F97EFD-8C16-4018-94F9-DE2F5950D4C0}.Debug|Any CPU.Build.0 = Debug|Any CPU
		{F5F97EFD-8C16-4018-94F9-DE2F5950D4C0}.Debug|Mixed Platforms.ActiveCfg = Debug|Any CPU
		{F5F97EFD-8C16-4018-94F9-DE2F5950D4C0}.Debug|Mixed Platforms.Build.0 = Debug|Any CPU
		{F5F97EFD-8C16-4018-94F9-DE2F5950D4C0}.Debug|x86.ActiveCfg = Debug|Any CPU
		{F5F97EFD-8C16-4018-94F9-DE2F5950D4C0}.Release|Any CPU.ActiveCfg = Release|Any CPU
		{F5F97EFD-8C16-4018-94F9-DE2F5950D4C0}.Release|Any CPU.Build.0 = Release|Any CPU
		{F5F97EFD-8C16-4018-94F9-DE2F5950D4C0}.Release|Mixed Platforms.ActiveCfg = Release|Any CPU
		{F5F97EFD-8C16-4018-94F9-DE2F5950D4C0}.Release|Mixed Platforms.Build.0 = Release|Any CPU
		{F5F97EFD-8C16-4018-94F9-DE2F5950D4C0}.Release|x86.ActiveCfg = Release|Any CPU
		{F5F97EFD-8C16-4018-94F9-DE2F5950D4C0}.Release|x86.Build.0 = Release|Any CPU
		{56028A80-F71B-4C0A-9B8B-0FDC6630E570}.Debug|Any CPU.ActiveCfg = Debug|Any CPU
		{56028A80-F71B-4C0A-9B8B-0FDC6630E570}.Debug|Any CPU.Build.0 = Debug|Any CPU
		{56028A80-F71B-4C0A-9B8B-0FDC6630E570}.Debug|Mixed Platforms.ActiveCfg = Debug|Any CPU
		{56028A80-F71B-4C0A-9B8B-0FDC6630E570}.Debug|Mixed Platforms.Build.0 = Debug|Any CPU
		{56028A80-F71B-4C0A-9B8B-0FDC6630E570}.Debug|x86.ActiveCfg = Debug|Any CPU
		{56028A80-F71B-4C0A-9B8B-0FDC6630E570}.Release|Any CPU.ActiveCfg = Release|Any CPU
		{56028A80-F71B-4C0A-9B8B-0FDC6630E570}.Release|Any CPU.Build.0 = Release|Any CPU
		{56028A80-F71B-4C0A-9B8B-0FDC6630E570}.Release|Mixed Platforms.ActiveCfg = Release|Any CPU
		{56028A80-F71B-4C0A-9B8B-0FDC6630E570}.Release|Mixed Platforms.Build.0 = Release|Any CPU
		{56028A80-F71B-4C0A-9B8B-0FDC6630E570}.Release|x86.ActiveCfg = Release|Any CPU
		{56028A80-F71B-4C0A-9B8B-0FDC6630E570}.Release|x86.Build.0 = Release|Any CPU
		{CF145C2E-642F-4EFA-A03D-96B5082E6650}.Debug|Any CPU.ActiveCfg = Debug|Any CPU
		{CF145C2E-642F-4EFA-A03D-96B5082E6650}.Debug|Any CPU.Build.0 = Debug|Any CPU
		{CF145C2E-642F-4EFA-A03D-96B5082E6650}.Debug|Mixed Platforms.ActiveCfg = Debug|Any CPU
		{CF145C2E-642F-4EFA-A03D-96B5082E6650}.Debug|Mixed Platforms.Build.0 = Debug|Any CPU
		{CF145C2E-642F-4EFA-A03D-96B5082E6650}.Debug|x86.ActiveCfg = Debug|Any CPU
		{CF145C2E-642F-4EFA-A03D-96B5082E6650}.Release|Any CPU.ActiveCfg = Release|Any CPU
		{CF145C2E-642F-4EFA-A03D-96B5082E6650}.Release|Any CPU.Build.0 = Release|Any CPU
		{CF145C2E-642F-4EFA-A03D-96B5082E6650}.Release|Mixed Platforms.ActiveCfg = Release|Any CPU
		{CF145C2E-642F-4EFA-A03D-96B5082E6650}.Release|Mixed Platforms.Build.0 = Release|Any CPU
		{CF145C2E-642F-4EFA-A03D-96B5082E6650}.Release|x86.ActiveCfg = Release|Any CPU
		{CF145C2E-642F-4EFA-A03D-96B5082E6650}.Release|x86.Build.0 = Release|Any CPU
		{61266225-A0B6-4792-A8C2-2B99DD02927A}.Debug|Any CPU.ActiveCfg = Debug|Any CPU
		{61266225-A0B6-4792-A8C2-2B99DD02927A}.Debug|Any CPU.Build.0 = Debug|Any CPU
		{61266225-A0B6-4792-A8C2-2B99DD02927A}.Debug|Mixed Platforms.ActiveCfg = Debug|Any CPU
		{61266225-A0B6-4792-A8C2-2B99DD02927A}.Debug|Mixed Platforms.Build.0 = Debug|Any CPU
		{61266225-A0B6-4792-A8C2-2B99DD02927A}.Debug|x86.ActiveCfg = Debug|Any CPU
		{61266225-A0B6-4792-A8C2-2B99DD02927A}.Release|Any CPU.ActiveCfg = Release|Any CPU
		{61266225-A0B6-4792-A8C2-2B99DD02927A}.Release|Any CPU.Build.0 = Release|Any CPU
		{61266225-A0B6-4792-A8C2-2B99DD02927A}.Release|Mixed Platforms.ActiveCfg = Release|Any CPU
		{61266225-A0B6-4792-A8C2-2B99DD02927A}.Release|Mixed Platforms.Build.0 = Release|Any CPU
		{61266225-A0B6-4792-A8C2-2B99DD02927A}.Release|x86.ActiveCfg = Release|Any CPU
		{BDC5A581-6F83-4422-BAC9-BC4FD752579A}.Debug|Any CPU.ActiveCfg = Debug|Any CPU
		{BDC5A581-6F83-4422-BAC9-BC4FD752579A}.Debug|Any CPU.Build.0 = Debug|Any CPU
		{BDC5A581-6F83-4422-BAC9-BC4FD752579A}.Debug|Mixed Platforms.ActiveCfg = Debug|Any CPU
		{BDC5A581-6F83-4422-BAC9-BC4FD752579A}.Debug|Mixed Platforms.Build.0 = Debug|Any CPU
		{BDC5A581-6F83-4422-BAC9-BC4FD752579A}.Debug|x86.ActiveCfg = Debug|Any CPU
		{BDC5A581-6F83-4422-BAC9-BC4FD752579A}.Release|Any CPU.ActiveCfg = Release|Any CPU
		{BDC5A581-6F83-4422-BAC9-BC4FD752579A}.Release|Any CPU.Build.0 = Release|Any CPU
		{BDC5A581-6F83-4422-BAC9-BC4FD752579A}.Release|Mixed Platforms.ActiveCfg = Release|Any CPU
		{BDC5A581-6F83-4422-BAC9-BC4FD752579A}.Release|Mixed Platforms.Build.0 = Release|Any CPU
		{BDC5A581-6F83-4422-BAC9-BC4FD752579A}.Release|x86.ActiveCfg = Release|Any CPU
		{BDC5A581-6F83-4422-BAC9-BC4FD752579A}.Release|x86.Build.0 = Release|Any CPU
		{73AF4976-0D28-4EB8-852E-2B375B6EBC33}.Debug|Any CPU.ActiveCfg = Debug|Any CPU
		{73AF4976-0D28-4EB8-852E-2B375B6EBC33}.Debug|Any CPU.Build.0 = Debug|Any CPU
		{73AF4976-0D28-4EB8-852E-2B375B6EBC33}.Debug|Mixed Platforms.ActiveCfg = Debug|Any CPU
		{73AF4976-0D28-4EB8-852E-2B375B6EBC33}.Debug|Mixed Platforms.Build.0 = Debug|Any CPU
		{73AF4976-0D28-4EB8-852E-2B375B6EBC33}.Debug|x86.ActiveCfg = Debug|Any CPU
		{73AF4976-0D28-4EB8-852E-2B375B6EBC33}.Release|Any CPU.ActiveCfg = Release|Any CPU
		{73AF4976-0D28-4EB8-852E-2B375B6EBC33}.Release|Any CPU.Build.0 = Release|Any CPU
		{73AF4976-0D28-4EB8-852E-2B375B6EBC33}.Release|Mixed Platforms.ActiveCfg = Release|Any CPU
		{73AF4976-0D28-4EB8-852E-2B375B6EBC33}.Release|Mixed Platforms.Build.0 = Release|Any CPU
		{73AF4976-0D28-4EB8-852E-2B375B6EBC33}.Release|x86.ActiveCfg = Release|Any CPU
		{73AF4976-0D28-4EB8-852E-2B375B6EBC33}.Release|x86.Build.0 = Release|Any CPU
		{FBA87267-25F7-4363-A5E2-D12DCB011222}.Debug|Any CPU.ActiveCfg = Debug|Any CPU
		{FBA87267-25F7-4363-A5E2-D12DCB011222}.Debug|Any CPU.Build.0 = Debug|Any CPU
		{FBA87267-25F7-4363-A5E2-D12DCB011222}.Debug|Mixed Platforms.ActiveCfg = Debug|Any CPU
		{FBA87267-25F7-4363-A5E2-D12DCB011222}.Debug|Mixed Platforms.Build.0 = Debug|Any CPU
		{FBA87267-25F7-4363-A5E2-D12DCB011222}.Debug|x86.ActiveCfg = Debug|Any CPU
		{FBA87267-25F7-4363-A5E2-D12DCB011222}.Release|Any CPU.ActiveCfg = Release|Any CPU
		{FBA87267-25F7-4363-A5E2-D12DCB011222}.Release|Any CPU.Build.0 = Release|Any CPU
		{FBA87267-25F7-4363-A5E2-D12DCB011222}.Release|Mixed Platforms.ActiveCfg = Release|Any CPU
		{FBA87267-25F7-4363-A5E2-D12DCB011222}.Release|Mixed Platforms.Build.0 = Release|Any CPU
		{FBA87267-25F7-4363-A5E2-D12DCB011222}.Release|x86.ActiveCfg = Release|Any CPU
		{40B2A751-81AA-4873-8477-3025C8CE2795}.Debug|Any CPU.ActiveCfg = Debug|Any CPU
		{40B2A751-81AA-4873-8477-3025C8CE2795}.Debug|Any CPU.Build.0 = Debug|Any CPU
		{40B2A751-81AA-4873-8477-3025C8CE2795}.Debug|Mixed Platforms.ActiveCfg = Debug|Any CPU
		{40B2A751-81AA-4873-8477-3025C8CE2795}.Debug|Mixed Platforms.Build.0 = Debug|Any CPU
		{40B2A751-81AA-4873-8477-3025C8CE2795}.Debug|x86.ActiveCfg = Debug|Any CPU
		{40B2A751-81AA-4873-8477-3025C8CE2795}.Release|Any CPU.ActiveCfg = Release|Any CPU
		{40B2A751-81AA-4873-8477-3025C8CE2795}.Release|Any CPU.Build.0 = Release|Any CPU
		{40B2A751-81AA-4873-8477-3025C8CE2795}.Release|Mixed Platforms.ActiveCfg = Release|Any CPU
		{40B2A751-81AA-4873-8477-3025C8CE2795}.Release|Mixed Platforms.Build.0 = Release|Any CPU
		{40B2A751-81AA-4873-8477-3025C8CE2795}.Release|x86.ActiveCfg = Release|Any CPU
		{8FF56378-ECEC-4EEC-A68F-43184B0C388E}.Debug|Any CPU.ActiveCfg = Debug|Any CPU
		{8FF56378-ECEC-4EEC-A68F-43184B0C388E}.Debug|Any CPU.Build.0 = Debug|Any CPU
		{8FF56378-ECEC-4EEC-A68F-43184B0C388E}.Debug|Mixed Platforms.ActiveCfg = Debug|Any CPU
		{8FF56378-ECEC-4EEC-A68F-43184B0C388E}.Debug|Mixed Platforms.Build.0 = Debug|Any CPU
		{8FF56378-ECEC-4EEC-A68F-43184B0C388E}.Debug|x86.ActiveCfg = Debug|Any CPU
		{8FF56378-ECEC-4EEC-A68F-43184B0C388E}.Release|Any CPU.ActiveCfg = Release|Any CPU
		{8FF56378-ECEC-4EEC-A68F-43184B0C388E}.Release|Any CPU.Build.0 = Release|Any CPU
		{8FF56378-ECEC-4EEC-A68F-43184B0C388E}.Release|Mixed Platforms.ActiveCfg = Release|Any CPU
		{8FF56378-ECEC-4EEC-A68F-43184B0C388E}.Release|Mixed Platforms.Build.0 = Release|Any CPU
		{8FF56378-ECEC-4EEC-A68F-43184B0C388E}.Release|x86.ActiveCfg = Release|Any CPU
		{29304ED4-092E-4E59-9AE5-36296920D8B5}.Debug|Any CPU.ActiveCfg = Debug|Any CPU
		{29304ED4-092E-4E59-9AE5-36296920D8B5}.Debug|Any CPU.Build.0 = Debug|Any CPU
		{29304ED4-092E-4E59-9AE5-36296920D8B5}.Debug|Mixed Platforms.ActiveCfg = Debug|Any CPU
		{29304ED4-092E-4E59-9AE5-36296920D8B5}.Debug|Mixed Platforms.Build.0 = Debug|Any CPU
		{29304ED4-092E-4E59-9AE5-36296920D8B5}.Debug|x86.ActiveCfg = Debug|Any CPU
		{29304ED4-092E-4E59-9AE5-36296920D8B5}.Release|Any CPU.ActiveCfg = Release|Any CPU
		{29304ED4-092E-4E59-9AE5-36296920D8B5}.Release|Any CPU.Build.0 = Release|Any CPU
		{29304ED4-092E-4E59-9AE5-36296920D8B5}.Release|Mixed Platforms.ActiveCfg = Release|Any CPU
		{29304ED4-092E-4E59-9AE5-36296920D8B5}.Release|Mixed Platforms.Build.0 = Release|Any CPU
		{29304ED4-092E-4E59-9AE5-36296920D8B5}.Release|x86.ActiveCfg = Release|Any CPU
		{D43C60CD-B4EE-4589-B3FB-DE4CEEF85A61}.Debug|Any CPU.ActiveCfg = Debug|Any CPU
		{D43C60CD-B4EE-4589-B3FB-DE4CEEF85A61}.Debug|Any CPU.Build.0 = Debug|Any CPU
		{D43C60CD-B4EE-4589-B3FB-DE4CEEF85A61}.Debug|Mixed Platforms.ActiveCfg = Debug|Any CPU
		{D43C60CD-B4EE-4589-B3FB-DE4CEEF85A61}.Debug|Mixed Platforms.Build.0 = Debug|Any CPU
		{D43C60CD-B4EE-4589-B3FB-DE4CEEF85A61}.Debug|x86.ActiveCfg = Debug|Any CPU
		{D43C60CD-B4EE-4589-B3FB-DE4CEEF85A61}.Release|Any CPU.ActiveCfg = Release|Any CPU
		{D43C60CD-B4EE-4589-B3FB-DE4CEEF85A61}.Release|Any CPU.Build.0 = Release|Any CPU
		{D43C60CD-B4EE-4589-B3FB-DE4CEEF85A61}.Release|Mixed Platforms.ActiveCfg = Release|Any CPU
		{D43C60CD-B4EE-4589-B3FB-DE4CEEF85A61}.Release|Mixed Platforms.Build.0 = Release|Any CPU
		{D43C60CD-B4EE-4589-B3FB-DE4CEEF85A61}.Release|x86.ActiveCfg = Release|Any CPU
		{254E792E-ECFC-4617-9286-77609816B773}.Debug|Any CPU.ActiveCfg = Debug|Any CPU
		{254E792E-ECFC-4617-9286-77609816B773}.Debug|Any CPU.Build.0 = Debug|Any CPU
		{254E792E-ECFC-4617-9286-77609816B773}.Debug|Mixed Platforms.ActiveCfg = Debug|Any CPU
		{254E792E-ECFC-4617-9286-77609816B773}.Debug|Mixed Platforms.Build.0 = Debug|Any CPU
		{254E792E-ECFC-4617-9286-77609816B773}.Debug|x86.ActiveCfg = Debug|Any CPU
		{254E792E-ECFC-4617-9286-77609816B773}.Release|Any CPU.ActiveCfg = Release|Any CPU
		{254E792E-ECFC-4617-9286-77609816B773}.Release|Any CPU.Build.0 = Release|Any CPU
		{254E792E-ECFC-4617-9286-77609816B773}.Release|Mixed Platforms.ActiveCfg = Release|Any CPU
		{254E792E-ECFC-4617-9286-77609816B773}.Release|Mixed Platforms.Build.0 = Release|Any CPU
		{254E792E-ECFC-4617-9286-77609816B773}.Release|x86.ActiveCfg = Release|Any CPU
		{5E84B29E-5E05-47D8-B8E3-9A9D2972BC26}.Debug|Any CPU.ActiveCfg = Debug|x86
		{5E84B29E-5E05-47D8-B8E3-9A9D2972BC26}.Debug|Any CPU.Build.0 = Debug|x86
		{5E84B29E-5E05-47D8-B8E3-9A9D2972BC26}.Debug|Mixed Platforms.ActiveCfg = Debug|x86
		{5E84B29E-5E05-47D8-B8E3-9A9D2972BC26}.Debug|Mixed Platforms.Build.0 = Debug|x86
		{5E84B29E-5E05-47D8-B8E3-9A9D2972BC26}.Debug|x86.ActiveCfg = Debug|x86
		{5E84B29E-5E05-47D8-B8E3-9A9D2972BC26}.Debug|x86.Build.0 = Debug|x86
		{5E84B29E-5E05-47D8-B8E3-9A9D2972BC26}.Release|Any CPU.ActiveCfg = Release|x86
		{5E84B29E-5E05-47D8-B8E3-9A9D2972BC26}.Release|Any CPU.Build.0 = Release|x86
		{5E84B29E-5E05-47D8-B8E3-9A9D2972BC26}.Release|Mixed Platforms.ActiveCfg = Release|x86
		{5E84B29E-5E05-47D8-B8E3-9A9D2972BC26}.Release|Mixed Platforms.Build.0 = Release|x86
		{5E84B29E-5E05-47D8-B8E3-9A9D2972BC26}.Release|x86.ActiveCfg = Release|x86
		{5E84B29E-5E05-47D8-B8E3-9A9D2972BC26}.Release|x86.Build.0 = Release|x86
		{E13B019D-05DA-4E49-8611-8AC4E1D62775}.Debug|Any CPU.ActiveCfg = Debug|Any CPU
		{E13B019D-05DA-4E49-8611-8AC4E1D62775}.Debug|Any CPU.Build.0 = Debug|Any CPU
		{E13B019D-05DA-4E49-8611-8AC4E1D62775}.Debug|Mixed Platforms.ActiveCfg = Debug|Any CPU
		{E13B019D-05DA-4E49-8611-8AC4E1D62775}.Debug|Mixed Platforms.Build.0 = Debug|Any CPU
		{E13B019D-05DA-4E49-8611-8AC4E1D62775}.Debug|x86.ActiveCfg = Debug|Any CPU
		{E13B019D-05DA-4E49-8611-8AC4E1D62775}.Release|Any CPU.ActiveCfg = Release|Any CPU
		{E13B019D-05DA-4E49-8611-8AC4E1D62775}.Release|Any CPU.Build.0 = Release|Any CPU
		{E13B019D-05DA-4E49-8611-8AC4E1D62775}.Release|Mixed Platforms.ActiveCfg = Release|Any CPU
		{E13B019D-05DA-4E49-8611-8AC4E1D62775}.Release|Mixed Platforms.Build.0 = Release|Any CPU
		{E13B019D-05DA-4E49-8611-8AC4E1D62775}.Release|x86.ActiveCfg = Release|Any CPU
		{D7BA9F42-E97C-403A-B022-744E367A11F1}.Debug|Any CPU.ActiveCfg = Debug|Any CPU
		{D7BA9F42-E97C-403A-B022-744E367A11F1}.Debug|Any CPU.Build.0 = Debug|Any CPU
		{D7BA9F42-E97C-403A-B022-744E367A11F1}.Debug|Mixed Platforms.ActiveCfg = Debug|Any CPU
		{D7BA9F42-E97C-403A-B022-744E367A11F1}.Debug|Mixed Platforms.Build.0 = Debug|Any CPU
		{D7BA9F42-E97C-403A-B022-744E367A11F1}.Debug|x86.ActiveCfg = Debug|Any CPU
		{D7BA9F42-E97C-403A-B022-744E367A11F1}.Release|Any CPU.ActiveCfg = Release|Any CPU
		{D7BA9F42-E97C-403A-B022-744E367A11F1}.Release|Any CPU.Build.0 = Release|Any CPU
		{D7BA9F42-E97C-403A-B022-744E367A11F1}.Release|Mixed Platforms.ActiveCfg = Release|Any CPU
		{D7BA9F42-E97C-403A-B022-744E367A11F1}.Release|Mixed Platforms.Build.0 = Release|Any CPU
		{D7BA9F42-E97C-403A-B022-744E367A11F1}.Release|x86.ActiveCfg = Release|Any CPU
		{BB64005D-AA1A-4F60-B1B0-7295D56750A8}.Debug|Any CPU.ActiveCfg = Debug|Any CPU
		{BB64005D-AA1A-4F60-B1B0-7295D56750A8}.Debug|Any CPU.Build.0 = Debug|Any CPU
		{BB64005D-AA1A-4F60-B1B0-7295D56750A8}.Debug|Mixed Platforms.ActiveCfg = Debug|Any CPU
		{BB64005D-AA1A-4F60-B1B0-7295D56750A8}.Debug|Mixed Platforms.Build.0 = Debug|Any CPU
		{BB64005D-AA1A-4F60-B1B0-7295D56750A8}.Debug|x86.ActiveCfg = Debug|Any CPU
		{BB64005D-AA1A-4F60-B1B0-7295D56750A8}.Release|Any CPU.ActiveCfg = Release|Any CPU
		{BB64005D-AA1A-4F60-B1B0-7295D56750A8}.Release|Any CPU.Build.0 = Release|Any CPU
		{BB64005D-AA1A-4F60-B1B0-7295D56750A8}.Release|Mixed Platforms.ActiveCfg = Release|Any CPU
		{BB64005D-AA1A-4F60-B1B0-7295D56750A8}.Release|Mixed Platforms.Build.0 = Release|Any CPU
		{BB64005D-AA1A-4F60-B1B0-7295D56750A8}.Release|x86.ActiveCfg = Release|Any CPU
		{7FBD602E-F982-47C4-A7E1-54FFB24C35C0}.Debug|Any CPU.ActiveCfg = Debug|Any CPU
		{7FBD602E-F982-47C4-A7E1-54FFB24C35C0}.Debug|Any CPU.Build.0 = Debug|Any CPU
		{7FBD602E-F982-47C4-A7E1-54FFB24C35C0}.Debug|Mixed Platforms.ActiveCfg = Debug|Any CPU
		{7FBD602E-F982-47C4-A7E1-54FFB24C35C0}.Debug|Mixed Platforms.Build.0 = Debug|Any CPU
		{7FBD602E-F982-47C4-A7E1-54FFB24C35C0}.Debug|x86.ActiveCfg = Debug|Any CPU
		{7FBD602E-F982-47C4-A7E1-54FFB24C35C0}.Release|Any CPU.ActiveCfg = Release|Any CPU
		{7FBD602E-F982-47C4-A7E1-54FFB24C35C0}.Release|Any CPU.Build.0 = Release|Any CPU
		{7FBD602E-F982-47C4-A7E1-54FFB24C35C0}.Release|Mixed Platforms.ActiveCfg = Release|Any CPU
		{7FBD602E-F982-47C4-A7E1-54FFB24C35C0}.Release|Mixed Platforms.Build.0 = Release|Any CPU
		{7FBD602E-F982-47C4-A7E1-54FFB24C35C0}.Release|x86.ActiveCfg = Release|Any CPU
		{B4D3C579-7EF9-4FC1-894C-6DCC403EC4F1}.Debug|Any CPU.ActiveCfg = Debug|Any CPU
		{B4D3C579-7EF9-4FC1-894C-6DCC403EC4F1}.Debug|Any CPU.Build.0 = Debug|Any CPU
		{B4D3C579-7EF9-4FC1-894C-6DCC403EC4F1}.Debug|Mixed Platforms.ActiveCfg = Debug|Any CPU
		{B4D3C579-7EF9-4FC1-894C-6DCC403EC4F1}.Debug|Mixed Platforms.Build.0 = Debug|Any CPU
		{B4D3C579-7EF9-4FC1-894C-6DCC403EC4F1}.Debug|x86.ActiveCfg = Debug|Any CPU
		{B4D3C579-7EF9-4FC1-894C-6DCC403EC4F1}.Release|Any CPU.ActiveCfg = Release|Any CPU
		{B4D3C579-7EF9-4FC1-894C-6DCC403EC4F1}.Release|Any CPU.Build.0 = Release|Any CPU
		{B4D3C579-7EF9-4FC1-894C-6DCC403EC4F1}.Release|Mixed Platforms.ActiveCfg = Release|Any CPU
		{B4D3C579-7EF9-4FC1-894C-6DCC403EC4F1}.Release|Mixed Platforms.Build.0 = Release|Any CPU
		{B4D3C579-7EF9-4FC1-894C-6DCC403EC4F1}.Release|x86.ActiveCfg = Release|Any CPU
		{80EDAB7E-57DA-4995-A42C-74D09BDEF78F}.Debug|Any CPU.ActiveCfg = Debug|Any CPU
		{80EDAB7E-57DA-4995-A42C-74D09BDEF78F}.Debug|Any CPU.Build.0 = Debug|Any CPU
		{80EDAB7E-57DA-4995-A42C-74D09BDEF78F}.Debug|Mixed Platforms.ActiveCfg = Debug|Any CPU
		{80EDAB7E-57DA-4995-A42C-74D09BDEF78F}.Debug|Mixed Platforms.Build.0 = Debug|Any CPU
		{80EDAB7E-57DA-4995-A42C-74D09BDEF78F}.Debug|x86.ActiveCfg = Debug|Any CPU
		{80EDAB7E-57DA-4995-A42C-74D09BDEF78F}.Release|Any CPU.ActiveCfg = Release|Any CPU
		{80EDAB7E-57DA-4995-A42C-74D09BDEF78F}.Release|Any CPU.Build.0 = Release|Any CPU
		{80EDAB7E-57DA-4995-A42C-74D09BDEF78F}.Release|Mixed Platforms.ActiveCfg = Release|Any CPU
		{80EDAB7E-57DA-4995-A42C-74D09BDEF78F}.Release|Mixed Platforms.Build.0 = Release|Any CPU
		{80EDAB7E-57DA-4995-A42C-74D09BDEF78F}.Release|x86.ActiveCfg = Release|Any CPU
		{7AC78159-7869-4615-B918-DC5E410FBB44}.Debug|Any CPU.ActiveCfg = Debug|Any CPU
		{7AC78159-7869-4615-B918-DC5E410FBB44}.Debug|Any CPU.Build.0 = Debug|Any CPU
		{7AC78159-7869-4615-B918-DC5E410FBB44}.Debug|Mixed Platforms.ActiveCfg = Debug|Any CPU
		{7AC78159-7869-4615-B918-DC5E410FBB44}.Debug|Mixed Platforms.Build.0 = Debug|Any CPU
		{7AC78159-7869-4615-B918-DC5E410FBB44}.Debug|x86.ActiveCfg = Debug|Any CPU
		{7AC78159-7869-4615-B918-DC5E410FBB44}.Release|Any CPU.ActiveCfg = Release|Any CPU
		{7AC78159-7869-4615-B918-DC5E410FBB44}.Release|Any CPU.Build.0 = Release|Any CPU
		{7AC78159-7869-4615-B918-DC5E410FBB44}.Release|Mixed Platforms.ActiveCfg = Release|Any CPU
		{7AC78159-7869-4615-B918-DC5E410FBB44}.Release|Mixed Platforms.Build.0 = Release|Any CPU
		{7AC78159-7869-4615-B918-DC5E410FBB44}.Release|x86.ActiveCfg = Release|Any CPU
		{27578DA1-4CA9-4AC8-BBC4-C5A5C6584427}.Debug|Any CPU.ActiveCfg = Debug|Any CPU
		{27578DA1-4CA9-4AC8-BBC4-C5A5C6584427}.Debug|Any CPU.Build.0 = Debug|Any CPU
		{27578DA1-4CA9-4AC8-BBC4-C5A5C6584427}.Debug|Mixed Platforms.ActiveCfg = Debug|Any CPU
		{27578DA1-4CA9-4AC8-BBC4-C5A5C6584427}.Debug|Mixed Platforms.Build.0 = Debug|Any CPU
		{27578DA1-4CA9-4AC8-BBC4-C5A5C6584427}.Debug|x86.ActiveCfg = Debug|Any CPU
		{27578DA1-4CA9-4AC8-BBC4-C5A5C6584427}.Release|Any CPU.ActiveCfg = Release|Any CPU
		{27578DA1-4CA9-4AC8-BBC4-C5A5C6584427}.Release|Any CPU.Build.0 = Release|Any CPU
		{27578DA1-4CA9-4AC8-BBC4-C5A5C6584427}.Release|Mixed Platforms.ActiveCfg = Release|Any CPU
		{27578DA1-4CA9-4AC8-BBC4-C5A5C6584427}.Release|Mixed Platforms.Build.0 = Release|Any CPU
		{27578DA1-4CA9-4AC8-BBC4-C5A5C6584427}.Release|x86.ActiveCfg = Release|Any CPU
		{2D70BC07-DC9D-4B2A-901A-7BBD53988B21}.Debug|Any CPU.ActiveCfg = Debug|Any CPU
		{2D70BC07-DC9D-4B2A-901A-7BBD53988B21}.Debug|Any CPU.Build.0 = Debug|Any CPU
		{2D70BC07-DC9D-4B2A-901A-7BBD53988B21}.Debug|Mixed Platforms.ActiveCfg = Debug|Any CPU
		{2D70BC07-DC9D-4B2A-901A-7BBD53988B21}.Debug|Mixed Platforms.Build.0 = Debug|Any CPU
		{2D70BC07-DC9D-4B2A-901A-7BBD53988B21}.Debug|x86.ActiveCfg = Debug|Any CPU
		{2D70BC07-DC9D-4B2A-901A-7BBD53988B21}.Release|Any CPU.ActiveCfg = Release|Any CPU
		{2D70BC07-DC9D-4B2A-901A-7BBD53988B21}.Release|Any CPU.Build.0 = Release|Any CPU
		{2D70BC07-DC9D-4B2A-901A-7BBD53988B21}.Release|Mixed Platforms.ActiveCfg = Release|Any CPU
		{2D70BC07-DC9D-4B2A-901A-7BBD53988B21}.Release|Mixed Platforms.Build.0 = Release|Any CPU
		{2D70BC07-DC9D-4B2A-901A-7BBD53988B21}.Release|x86.ActiveCfg = Release|Any CPU
		{E263E10B-9DF6-44F8-9E58-34338316F08E}.Debug|Any CPU.ActiveCfg = Debug|Any CPU
		{E263E10B-9DF6-44F8-9E58-34338316F08E}.Debug|Any CPU.Build.0 = Debug|Any CPU
		{E263E10B-9DF6-44F8-9E58-34338316F08E}.Debug|Mixed Platforms.ActiveCfg = Debug|Any CPU
		{E263E10B-9DF6-44F8-9E58-34338316F08E}.Debug|Mixed Platforms.Build.0 = Debug|Any CPU
		{E263E10B-9DF6-44F8-9E58-34338316F08E}.Debug|x86.ActiveCfg = Debug|Any CPU
		{E263E10B-9DF6-44F8-9E58-34338316F08E}.Release|Any CPU.ActiveCfg = Release|Any CPU
		{E263E10B-9DF6-44F8-9E58-34338316F08E}.Release|Any CPU.Build.0 = Release|Any CPU
		{E263E10B-9DF6-44F8-9E58-34338316F08E}.Release|Mixed Platforms.ActiveCfg = Release|Any CPU
		{E263E10B-9DF6-44F8-9E58-34338316F08E}.Release|Mixed Platforms.Build.0 = Release|Any CPU
		{E263E10B-9DF6-44F8-9E58-34338316F08E}.Release|x86.ActiveCfg = Release|Any CPU
		{A4F5E387-C533-4C80-A8A2-DBE4E2A3069A}.Debug|Any CPU.ActiveCfg = Debug|Any CPU
		{A4F5E387-C533-4C80-A8A2-DBE4E2A3069A}.Debug|Any CPU.Build.0 = Debug|Any CPU
		{A4F5E387-C533-4C80-A8A2-DBE4E2A3069A}.Debug|Mixed Platforms.ActiveCfg = Debug|Any CPU
		{A4F5E387-C533-4C80-A8A2-DBE4E2A3069A}.Debug|Mixed Platforms.Build.0 = Debug|Any CPU
		{A4F5E387-C533-4C80-A8A2-DBE4E2A3069A}.Debug|x86.ActiveCfg = Debug|Any CPU
		{A4F5E387-C533-4C80-A8A2-DBE4E2A3069A}.Release|Any CPU.ActiveCfg = Release|Any CPU
		{A4F5E387-C533-4C80-A8A2-DBE4E2A3069A}.Release|Any CPU.Build.0 = Release|Any CPU
		{A4F5E387-C533-4C80-A8A2-DBE4E2A3069A}.Release|Mixed Platforms.ActiveCfg = Release|Any CPU
		{A4F5E387-C533-4C80-A8A2-DBE4E2A3069A}.Release|Mixed Platforms.Build.0 = Release|Any CPU
		{A4F5E387-C533-4C80-A8A2-DBE4E2A3069A}.Release|x86.ActiveCfg = Release|Any CPU
		{1421FFB1-D17E-4674-A313-34B5EC09D83B}.Debug|Any CPU.ActiveCfg = Debug|Any CPU
		{1421FFB1-D17E-4674-A313-34B5EC09D83B}.Debug|Any CPU.Build.0 = Debug|Any CPU
		{1421FFB1-D17E-4674-A313-34B5EC09D83B}.Debug|Mixed Platforms.ActiveCfg = Debug|Any CPU
		{1421FFB1-D17E-4674-A313-34B5EC09D83B}.Debug|Mixed Platforms.Build.0 = Debug|Any CPU
		{1421FFB1-D17E-4674-A313-34B5EC09D83B}.Debug|x86.ActiveCfg = Debug|Any CPU
		{1421FFB1-D17E-4674-A313-34B5EC09D83B}.Release|Any CPU.ActiveCfg = Release|Any CPU
		{1421FFB1-D17E-4674-A313-34B5EC09D83B}.Release|Any CPU.Build.0 = Release|Any CPU
		{1421FFB1-D17E-4674-A313-34B5EC09D83B}.Release|Mixed Platforms.ActiveCfg = Release|Any CPU
		{1421FFB1-D17E-4674-A313-34B5EC09D83B}.Release|Mixed Platforms.Build.0 = Release|Any CPU
		{1421FFB1-D17E-4674-A313-34B5EC09D83B}.Release|x86.ActiveCfg = Release|Any CPU
		{BD70852E-8B00-452B-A871-174DEE86E056}.Debug|Any CPU.ActiveCfg = Debug|Any CPU
		{BD70852E-8B00-452B-A871-174DEE86E056}.Debug|Any CPU.Build.0 = Debug|Any CPU
		{BD70852E-8B00-452B-A871-174DEE86E056}.Debug|Mixed Platforms.ActiveCfg = Debug|Any CPU
		{BD70852E-8B00-452B-A871-174DEE86E056}.Debug|Mixed Platforms.Build.0 = Debug|Any CPU
		{BD70852E-8B00-452B-A871-174DEE86E056}.Debug|x86.ActiveCfg = Debug|Any CPU
		{BD70852E-8B00-452B-A871-174DEE86E056}.Release|Any CPU.ActiveCfg = Release|Any CPU
		{BD70852E-8B00-452B-A871-174DEE86E056}.Release|Any CPU.Build.0 = Release|Any CPU
		{BD70852E-8B00-452B-A871-174DEE86E056}.Release|Mixed Platforms.ActiveCfg = Release|Any CPU
		{BD70852E-8B00-452B-A871-174DEE86E056}.Release|Mixed Platforms.Build.0 = Release|Any CPU
		{BD70852E-8B00-452B-A871-174DEE86E056}.Release|x86.ActiveCfg = Release|Any CPU
		{2EDCA3CE-68F5-4B8D-B145-A7747C185E0F}.Debug|Any CPU.ActiveCfg = Debug|Any CPU
		{2EDCA3CE-68F5-4B8D-B145-A7747C185E0F}.Debug|Any CPU.Build.0 = Debug|Any CPU
		{2EDCA3CE-68F5-4B8D-B145-A7747C185E0F}.Debug|Mixed Platforms.ActiveCfg = Debug|Any CPU
		{2EDCA3CE-68F5-4B8D-B145-A7747C185E0F}.Debug|Mixed Platforms.Build.0 = Debug|Any CPU
		{2EDCA3CE-68F5-4B8D-B145-A7747C185E0F}.Debug|x86.ActiveCfg = Debug|Any CPU
		{2EDCA3CE-68F5-4B8D-B145-A7747C185E0F}.Release|Any CPU.ActiveCfg = Release|Any CPU
		{2EDCA3CE-68F5-4B8D-B145-A7747C185E0F}.Release|Any CPU.Build.0 = Release|Any CPU
		{2EDCA3CE-68F5-4B8D-B145-A7747C185E0F}.Release|Mixed Platforms.ActiveCfg = Release|Any CPU
		{2EDCA3CE-68F5-4B8D-B145-A7747C185E0F}.Release|Mixed Platforms.Build.0 = Release|Any CPU
		{2EDCA3CE-68F5-4B8D-B145-A7747C185E0F}.Release|x86.ActiveCfg = Release|Any CPU
		{9656A664-9CF7-4834-AB8A-49D25DE2BF29}.Debug|Any CPU.ActiveCfg = Debug|Any CPU
		{9656A664-9CF7-4834-AB8A-49D25DE2BF29}.Debug|Any CPU.Build.0 = Debug|Any CPU
		{9656A664-9CF7-4834-AB8A-49D25DE2BF29}.Debug|Mixed Platforms.ActiveCfg = Debug|Any CPU
		{9656A664-9CF7-4834-AB8A-49D25DE2BF29}.Debug|Mixed Platforms.Build.0 = Debug|Any CPU
		{9656A664-9CF7-4834-AB8A-49D25DE2BF29}.Debug|x86.ActiveCfg = Debug|Any CPU
		{9656A664-9CF7-4834-AB8A-49D25DE2BF29}.Release|Any CPU.ActiveCfg = Release|Any CPU
		{9656A664-9CF7-4834-AB8A-49D25DE2BF29}.Release|Any CPU.Build.0 = Release|Any CPU
		{9656A664-9CF7-4834-AB8A-49D25DE2BF29}.Release|Mixed Platforms.ActiveCfg = Release|Any CPU
		{9656A664-9CF7-4834-AB8A-49D25DE2BF29}.Release|Mixed Platforms.Build.0 = Release|Any CPU
		{9656A664-9CF7-4834-AB8A-49D25DE2BF29}.Release|x86.ActiveCfg = Release|Any CPU
	EndGlobalSection
	GlobalSection(SolutionProperties) = preSolution
		HideSolutionNode = FALSE
	EndGlobalSection
	GlobalSection(NestedProjects) = preSolution
		{8FF56378-ECEC-4EEC-A68F-43184B0C388E} = {FD5FDBEF-C2E7-4DE9-9BED-5AD68B026715}
	EndGlobalSection
EndGlobal
