
Microsoft Visual Studio Solution File, Format Version 10.00
# Visual Studio 2008
Project("{2150E333-8FDC-42A3-9474-1A3956D46DE8}") = "0-Modeling", "0-Modeling", "{00D8B134-D3B6-4D0B-B71D-A49B327D2C1E}"
EndProject
Project("{2150E333-8FDC-42A3-9474-1A3956D46DE8}") = "1-External", "1-External", "{A5D2C548-1A88-46B5-8152-72868F9E3559}"
EndProject
Project("{2150E333-8FDC-42A3-9474-1A3956D46DE8}") = "2-Presentation", "2-Presentation", "{FC22847A-88A8-4827-9A6D-78AB66F45CB0}"
EndProject
Project("{2150E333-8FDC-42A3-9474-1A3956D46DE8}") = "Logic", "Logic", "{3D629CD1-91C1-4603-BEC3-156BB48A9F6E}"
EndProject
Project("{2150E333-8FDC-42A3-9474-1A3956D46DE8}") = "UI", "UI", "{A7F3CA71-A3C3-4F85-9C20-E61963BEC379}"
EndProject
Project("{2150E333-8FDC-42A3-9474-1A3956D46DE8}") = "3-Service", "3-Service", "{3B437E54-73D0-4082-8595-60E9592205E9}"
EndProject
Project("{2150E333-8FDC-42A3-9474-1A3956D46DE8}") = "Contract", "Contract", "{17A3A176-6969-4EC4-84DA-FDD8FE97DB6E}"
EndProject
Project("{2150E333-8FDC-42A3-9474-1A3956D46DE8}") = "Implement", "Implement", "{FF2C7C4C-4465-436D-B89C-9F7BD96B71E2}"
EndProject
Project("{2150E333-8FDC-42A3-9474-1A3956D46DE8}") = "ServiceReference", "ServiceReference", "{080C1948-FCC6-46F1-8FAE-EAF236C07E9C}"
EndProject
Project("{2150E333-8FDC-42A3-9474-1A3956D46DE8}") = "4-Business", "4-Business", "{EA67A5EE-DBBD-46AD-BF2A-C451A072C03B}"
EndProject
Project("{2150E333-8FDC-42A3-9474-1A3956D46DE8}") = "Domain", "Domain", "{DFF599F8-70AA-4C4B-9720-1D5F74F9523E}"
EndProject
Project("{2150E333-8FDC-42A3-9474-1A3956D46DE8}") = "Facade", "Facade", "{6C4C7D31-00B4-4C54-9E76-49D9C48BE139}"
EndProject
Project("{2150E333-8FDC-42A3-9474-1A3956D46DE8}") = "Logic", "Logic", "{2FB4D0D7-AE94-47D7-883E-5A7DE86E874E}"
EndProject
Project("{2150E333-8FDC-42A3-9474-1A3956D46DE8}") = "5-Data", "5-Data", "{22956AEA-4BF3-4F0B-923F-C7E5D0DEB2D5}"
EndProject
Project("{2150E333-8FDC-42A3-9474-1A3956D46DE8}") = "DataAccess", "DataAccess", "{D298264D-64C1-4FAB-AD44-3AE93AE66156}"
EndProject
Project("{2150E333-8FDC-42A3-9474-1A3956D46DE8}") = "DTO", "DTO", "{DB677626-C37D-4E5B-A933-B786ECF02BA5}"
EndProject
Project("{2150E333-8FDC-42A3-9474-1A3956D46DE8}") = "Model", "Model", "{4DD4A2B3-D3E3-42D5-B737-1B59DB4FACC9}"
EndProject
Project("{2150E333-8FDC-42A3-9474-1A3956D46DE8}") = "ORM", "ORM", "{0275D60A-46B8-4241-86CF-000264A259A1}"
EndProject
Project("{2150E333-8FDC-42A3-9474-1A3956D46DE8}") = "Repository", "Repository", "{41268FD7-47DB-4CAB-842C-87A9CD3247D2}"
EndProject
Project("{2150E333-8FDC-42A3-9474-1A3956D46DE8}") = "ServiceAgent", "ServiceAgent", "{03BC7204-D41B-420B-AFD5-CB072B1CD70A}"
EndProject
Project("{2150E333-8FDC-42A3-9474-1A3956D46DE8}") = "6-Crosscutting", "6-Crosscutting", "{7CF17B2C-1C40-4F7B-8EB8-5B35D833E03C}"
EndProject
Project("{2150E333-8FDC-42A3-9474-1A3956D46DE8}") = "Caching", "Caching", "{2C5153D3-8114-4E65-9778-B45E2CC4B0FA}"
EndProject
Project("{2150E333-8FDC-42A3-9474-1A3956D46DE8}") = "Configuration", "Configuration", "{9BF6D8B0-E9D9-474F-9759-9ECAEE2F3FDD}"
EndProject
Project("{2150E333-8FDC-42A3-9474-1A3956D46DE8}") = "Exception", "Exception", "{CB503E21-47A1-4ED7-B7B6-C0651765C63E}"
EndProject
Project("{2150E333-8FDC-42A3-9474-1A3956D46DE8}") = "Logging", "Logging", "{AC87128F-39DC-4A94-85CD-4C031E04674E}"
EndProject
Project("{2150E333-8FDC-42A3-9474-1A3956D46DE8}") = "Security", "Security", "{B1AECD7A-C6A5-44BF-B239-CBB5B3E53D0E}"
EndProject
Project("{2150E333-8FDC-42A3-9474-1A3956D46DE8}") = "Utility", "Utility", "{45A77B25-16E9-4ED8-A704-CF6B8F012DBB}"
EndProject
Project("{2150E333-8FDC-42A3-9474-1A3956D46DE8}") = "Validation", "Validation", "{C83E0C40-D10A-4BE7-887F-A01B7B88B665}"
EndProject
Project("{2150E333-8FDC-42A3-9474-1A3956D46DE8}") = "7-Host", "7-Host", "{D00356C9-545B-4236-8177-4FA373E4110E}"
EndProject
Project("{2150E333-8FDC-42A3-9474-1A3956D46DE8}") = "Console", "Console", "{8AA993C6-4BB6-439F-AC02-E335CCBC46CC}"
EndProject
Project("{2150E333-8FDC-42A3-9474-1A3956D46DE8}") = "WindowsService", "WindowsService", "{F520C129-0EBD-4F93-A7A9-1E68ECFDAAEC}"
EndProject
Project("{2150E333-8FDC-42A3-9474-1A3956D46DE8}") = "8-Deployment", "8-Deployment", "{51534ED2-BEFF-49F3-9C65-41B184BE162B}"
EndProject
Project("{2150E333-8FDC-42A3-9474-1A3956D46DE8}") = "Database", "Database", "{09D0420F-FF36-494F-BD0F-7DEA992B79A6}"
EndProject
Project("{2150E333-8FDC-42A3-9474-1A3956D46DE8}") = "Script", "Script", "{CD4C168B-33D6-46F9-B758-2B3541FA680B}"
EndProject
Project("{2150E333-8FDC-42A3-9474-1A3956D46DE8}") = "Setup", "Setup", "{0D129FD8-DC98-4653-9049-053977717EC3}"
EndProject
Global
	GlobalSection(SolutionProperties) = preSolution
		HideSolutionNode = FALSE
	EndGlobalSection
	GlobalSection(NestedProjects) = preSolution
		{3D629CD1-91C1-4603-BEC3-156BB48A9F6E} = {FC22847A-88A8-4827-9A6D-78AB66F45CB0}
		{A7F3CA71-A3C3-4F85-9C20-E61963BEC379} = {FC22847A-88A8-4827-9A6D-78AB66F45CB0}
		{17A3A176-6969-4EC4-84DA-FDD8FE97DB6E} = {3B437E54-73D0-4082-8595-60E9592205E9}
		{FF2C7C4C-4465-436D-B89C-9F7BD96B71E2} = {3B437E54-73D0-4082-8595-60E9592205E9}
		{080C1948-FCC6-46F1-8FAE-EAF236C07E9C} = {3B437E54-73D0-4082-8595-60E9592205E9}
		{DFF599F8-70AA-4C4B-9720-1D5F74F9523E} = {EA67A5EE-DBBD-46AD-BF2A-C451A072C03B}
		{6C4C7D31-00B4-4C54-9E76-49D9C48BE139} = {EA67A5EE-DBBD-46AD-BF2A-C451A072C03B}
		{2FB4D0D7-AE94-47D7-883E-5A7DE86E874E} = {EA67A5EE-DBBD-46AD-BF2A-C451A072C03B}
		{D298264D-64C1-4FAB-AD44-3AE93AE66156} = {22956AEA-4BF3-4F0B-923F-C7E5D0DEB2D5}
		{DB677626-C37D-4E5B-A933-B786ECF02BA5} = {22956AEA-4BF3-4F0B-923F-C7E5D0DEB2D5}
		{4DD4A2B3-D3E3-42D5-B737-1B59DB4FACC9} = {22956AEA-4BF3-4F0B-923F-C7E5D0DEB2D5}
		{0275D60A-46B8-4241-86CF-000264A259A1} = {22956AEA-4BF3-4F0B-923F-C7E5D0DEB2D5}
		{41268FD7-47DB-4CAB-842C-87A9CD3247D2} = {22956AEA-4BF3-4F0B-923F-C7E5D0DEB2D5}
		{03BC7204-D41B-420B-AFD5-CB072B1CD70A} = {22956AEA-4BF3-4F0B-923F-C7E5D0DEB2D5}
		{2C5153D3-8114-4E65-9778-B45E2CC4B0FA} = {7CF17B2C-1C40-4F7B-8EB8-5B35D833E03C}
		{9BF6D8B0-E9D9-474F-9759-9ECAEE2F3FDD} = {7CF17B2C-1C40-4F7B-8EB8-5B35D833E03C}
		{CB503E21-47A1-4ED7-B7B6-C0651765C63E} = {7CF17B2C-1C40-4F7B-8EB8-5B35D833E03C}
		{AC87128F-39DC-4A94-85CD-4C031E04674E} = {7CF17B2C-1C40-4F7B-8EB8-5B35D833E03C}
		{B1AECD7A-C6A5-44BF-B239-CBB5B3E53D0E} = {7CF17B2C-1C40-4F7B-8EB8-5B35D833E03C}
		{45A77B25-16E9-4ED8-A704-CF6B8F012DBB} = {7CF17B2C-1C40-4F7B-8EB8-5B35D833E03C}
		{C83E0C40-D10A-4BE7-887F-A01B7B88B665} = {7CF17B2C-1C40-4F7B-8EB8-5B35D833E03C}
		{8AA993C6-4BB6-439F-AC02-E335CCBC46CC} = {D00356C9-545B-4236-8177-4FA373E4110E}
		{F520C129-0EBD-4F93-A7A9-1E68ECFDAAEC} = {D00356C9-545B-4236-8177-4FA373E4110E}
		{09D0420F-FF36-494F-BD0F-7DEA992B79A6} = {51534ED2-BEFF-49F3-9C65-41B184BE162B}
		{CD4C168B-33D6-46F9-B758-2B3541FA680B} = {51534ED2-BEFF-49F3-9C65-41B184BE162B}
		{0D129FD8-DC98-4653-9049-053977717EC3} = {51534ED2-BEFF-49F3-9C65-41B184BE162B}
	EndGlobalSection
EndGlobal
