
Microsoft Visual Studio Solution File, Format Version 12.00
# Visual Studio 2012
Project("{2150E333-8FDC-42A3-9474-1A3956D46DE8}") = "0-Modeling", "0-Modeling", "{FF787243-3C83-47F9-9A96-845926EDD194}"
EndProject
Project("{2150E333-8FDC-42A3-9474-1A3956D46DE8}") = "1-External", "1-External", "{04921C41-2745-491D-95C0-1C031FCB39E1}"
EndProject
Project("{2150E333-8FDC-42A3-9474-1A3956D46DE8}") = "2-Presentation", "2-Presentation", "{80BC31BB-BA80-4FAF-A6AF-8D3C8AADE4C5}"
EndProject
Project("{2150E333-8FDC-42A3-9474-1A3956D46DE8}") = "Logic", "Logic", "{9F2B42B9-D9A1-4DAA-B6B3-BFD03DC1F4C4}"
EndProject
Project("{2150E333-8FDC-42A3-9474-1A3956D46DE8}") = "UI", "UI", "{809BED8A-910F-41E0-8C58-6538FBFCDCB3}"
EndProject
Project("{2150E333-8FDC-42A3-9474-1A3956D46DE8}") = "3-Service", "3-Service", "{261F39DF-8BAE-4441-9E78-7BB98876FAAB}"
EndProject
Project("{2150E333-8FDC-42A3-9474-1A3956D46DE8}") = "Contract", "Contract", "{024E8AF2-A1BC-49F1-AC70-C5B40E36EF01}"
EndProject
Project("{2150E333-8FDC-42A3-9474-1A3956D46DE8}") = "Implement", "Implement", "{A281E3D2-5C30-4B59-BA86-341993DFD257}"
EndProject
Project("{2150E333-8FDC-42A3-9474-1A3956D46DE8}") = "ServiceReference", "ServiceReference", "{636C2907-29DC-4018-93FC-077DE02F7E23}"
EndProject
Project("{2150E333-8FDC-42A3-9474-1A3956D46DE8}") = "4-Business", "4-Business", "{A3D26983-F01E-41D6-9592-2BDE92EB986B}"
EndProject
Project("{2150E333-8FDC-42A3-9474-1A3956D46DE8}") = "Domain", "Domain", "{00CEC53E-2510-4046-A41E-F30EE8227F1B}"
EndProject
Project("{2150E333-8FDC-42A3-9474-1A3956D46DE8}") = "Facade", "Facade", "{79DA8152-357D-4EBC-AE66-D6BAD7E0610E}"
EndProject
Project("{2150E333-8FDC-42A3-9474-1A3956D46DE8}") = "Logic", "Logic", "{3956B080-DBDB-40D2-BCDD-65FA7F7EB398}"
EndProject
Project("{2150E333-8FDC-42A3-9474-1A3956D46DE8}") = "5-Data", "5-Data", "{36D1E125-2B9D-45A6-AC61-43A247C5DA49}"
EndProject
Project("{2150E333-8FDC-42A3-9474-1A3956D46DE8}") = "DataAccess", "DataAccess", "{848945F1-F888-419C-ABB6-91E07A56AB8E}"
EndProject
Project("{2150E333-8FDC-42A3-9474-1A3956D46DE8}") = "DTO", "DTO", "{2E237715-6AEA-4675-ACF5-783ABF3AB68D}"
EndProject
Project("{2150E333-8FDC-42A3-9474-1A3956D46DE8}") = "Model", "Model", "{B8B3DA8B-2776-42BB-87BB-6E1F3C48832B}"
EndProject
Project("{2150E333-8FDC-42A3-9474-1A3956D46DE8}") = "ORM", "ORM", "{61B86EB8-FEB2-42B8-B44F-6B7C3F4F7727}"
EndProject
Project("{2150E333-8FDC-42A3-9474-1A3956D46DE8}") = "Repository", "Repository", "{F200DA1B-DF02-478D-8265-863058173C26}"
EndProject
Project("{2150E333-8FDC-42A3-9474-1A3956D46DE8}") = "ServiceAgent", "ServiceAgent", "{D322E7A3-4DC1-4555-B55C-00674649E6FF}"
EndProject
Project("{2150E333-8FDC-42A3-9474-1A3956D46DE8}") = "6-Crosscutting", "6-Crosscutting", "{FCEE76B6-EEAC-4264-B4AA-C2B6DDDF733A}"
EndProject
Project("{2150E333-8FDC-42A3-9474-1A3956D46DE8}") = "Caching", "Caching", "{3565E49E-472E-457A-900E-EB7FC1188548}"
EndProject
Project("{2150E333-8FDC-42A3-9474-1A3956D46DE8}") = "Configuration", "Configuration", "{BA2BDF4F-B847-4018-B258-11C9C0C938F4}"
EndProject
Project("{2150E333-8FDC-42A3-9474-1A3956D46DE8}") = "Exception", "Exception", "{B6033A2E-2F2D-407B-9842-081B4A81A454}"
EndProject
Project("{2150E333-8FDC-42A3-9474-1A3956D46DE8}") = "Logging", "Logging", "{49099D2A-75BD-4C10-8CBC-FAFF7CD83539}"
EndProject
Project("{2150E333-8FDC-42A3-9474-1A3956D46DE8}") = "Security", "Security", "{3252EC28-A64E-4EF1-9269-B8D4B066789A}"
EndProject
Project("{2150E333-8FDC-42A3-9474-1A3956D46DE8}") = "Utility", "Utility", "{C777229B-7063-4464-974B-0EFBD7F143B0}"
EndProject
Project("{2150E333-8FDC-42A3-9474-1A3956D46DE8}") = "Validation", "Validation", "{F311C165-486F-489D-92B3-2DBCE3F93719}"
EndProject
Project("{2150E333-8FDC-42A3-9474-1A3956D46DE8}") = "7-Host", "7-Host", "{DDA6FC29-DAE9-4E4C-90B1-68FBB4E698C0}"
EndProject
Project("{2150E333-8FDC-42A3-9474-1A3956D46DE8}") = "Console", "Console", "{8318893C-06E5-4B4A-B418-2808CB700760}"
EndProject
Project("{2150E333-8FDC-42A3-9474-1A3956D46DE8}") = "WindowsService", "WindowsService", "{C550D14C-3757-472D-96EB-3961269A1609}"
EndProject
Project("{2150E333-8FDC-42A3-9474-1A3956D46DE8}") = "8-Deployment", "8-Deployment", "{24BE69B1-463E-4FA9-AB5C-F8C62F8DAF29}"
EndProject
Project("{2150E333-8FDC-42A3-9474-1A3956D46DE8}") = "Database", "Database", "{C5C3B365-C293-4251-82DB-ED3EB772FB1B}"
EndProject
Project("{2150E333-8FDC-42A3-9474-1A3956D46DE8}") = "Script", "Script", "{B6BFDE05-D651-4D8F-B44B-F92924185DBA}"
EndProject
Project("{2150E333-8FDC-42A3-9474-1A3956D46DE8}") = "Setup", "Setup", "{4AF00FE3-11CD-413D-827E-AA98D3422748}"
EndProject
Global
	GlobalSection(SolutionProperties) = preSolution
		HideSolutionNode = FALSE
	EndGlobalSection
	GlobalSection(NestedProjects) = preSolution
		{9F2B42B9-D9A1-4DAA-B6B3-BFD03DC1F4C4} = {80BC31BB-BA80-4FAF-A6AF-8D3C8AADE4C5}
		{809BED8A-910F-41E0-8C58-6538FBFCDCB3} = {80BC31BB-BA80-4FAF-A6AF-8D3C8AADE4C5}
		{024E8AF2-A1BC-49F1-AC70-C5B40E36EF01} = {261F39DF-8BAE-4441-9E78-7BB98876FAAB}
		{A281E3D2-5C30-4B59-BA86-341993DFD257} = {261F39DF-8BAE-4441-9E78-7BB98876FAAB}
		{636C2907-29DC-4018-93FC-077DE02F7E23} = {261F39DF-8BAE-4441-9E78-7BB98876FAAB}
		{00CEC53E-2510-4046-A41E-F30EE8227F1B} = {A3D26983-F01E-41D6-9592-2BDE92EB986B}
		{79DA8152-357D-4EBC-AE66-D6BAD7E0610E} = {A3D26983-F01E-41D6-9592-2BDE92EB986B}
		{3956B080-DBDB-40D2-BCDD-65FA7F7EB398} = {A3D26983-F01E-41D6-9592-2BDE92EB986B}
		{848945F1-F888-419C-ABB6-91E07A56AB8E} = {36D1E125-2B9D-45A6-AC61-43A247C5DA49}
		{2E237715-6AEA-4675-ACF5-783ABF3AB68D} = {36D1E125-2B9D-45A6-AC61-43A247C5DA49}
		{B8B3DA8B-2776-42BB-87BB-6E1F3C48832B} = {36D1E125-2B9D-45A6-AC61-43A247C5DA49}
		{61B86EB8-FEB2-42B8-B44F-6B7C3F4F7727} = {36D1E125-2B9D-45A6-AC61-43A247C5DA49}
		{F200DA1B-DF02-478D-8265-863058173C26} = {36D1E125-2B9D-45A6-AC61-43A247C5DA49}
		{D322E7A3-4DC1-4555-B55C-00674649E6FF} = {36D1E125-2B9D-45A6-AC61-43A247C5DA49}
		{3565E49E-472E-457A-900E-EB7FC1188548} = {FCEE76B6-EEAC-4264-B4AA-C2B6DDDF733A}
		{BA2BDF4F-B847-4018-B258-11C9C0C938F4} = {FCEE76B6-EEAC-4264-B4AA-C2B6DDDF733A}
		{B6033A2E-2F2D-407B-9842-081B4A81A454} = {FCEE76B6-EEAC-4264-B4AA-C2B6DDDF733A}
		{49099D2A-75BD-4C10-8CBC-FAFF7CD83539} = {FCEE76B6-EEAC-4264-B4AA-C2B6DDDF733A}
		{3252EC28-A64E-4EF1-9269-B8D4B066789A} = {FCEE76B6-EEAC-4264-B4AA-C2B6DDDF733A}
		{C777229B-7063-4464-974B-0EFBD7F143B0} = {FCEE76B6-EEAC-4264-B4AA-C2B6DDDF733A}
		{F311C165-486F-489D-92B3-2DBCE3F93719} = {FCEE76B6-EEAC-4264-B4AA-C2B6DDDF733A}
		{8318893C-06E5-4B4A-B418-2808CB700760} = {DDA6FC29-DAE9-4E4C-90B1-68FBB4E698C0}
		{C550D14C-3757-472D-96EB-3961269A1609} = {DDA6FC29-DAE9-4E4C-90B1-68FBB4E698C0}
		{C5C3B365-C293-4251-82DB-ED3EB772FB1B} = {24BE69B1-463E-4FA9-AB5C-F8C62F8DAF29}
		{B6BFDE05-D651-4D8F-B44B-F92924185DBA} = {24BE69B1-463E-4FA9-AB5C-F8C62F8DAF29}
		{4AF00FE3-11CD-413D-827E-AA98D3422748} = {24BE69B1-463E-4FA9-AB5C-F8C62F8DAF29}
	EndGlobalSection
EndGlobal
