
Microsoft Visual Studio Solution File, Format Version 11.00
# Visual Studio 2010
Project("{2150E333-8FDC-42A3-9474-1A3956D46DE8}") = "0-Modeling", "0-Modeling", "{E2589660-FAC1-40A7-815A-E8450525EC9B}"
EndProject
Project("{2150E333-8FDC-42A3-9474-1A3956D46DE8}") = "1-External", "1-External", "{B7D16CA5-C183-489F-A602-1B4AFFE4C645}"
EndProject
Project("{2150E333-8FDC-42A3-9474-1A3956D46DE8}") = "2-Presentation", "2-Presentation", "{E1FF2D25-48E7-4C02-9FE6-1C76E9586149}"
EndProject
Project("{2150E333-8FDC-42A3-9474-1A3956D46DE8}") = "Logic", "Logic", "{FF8087D2-F90C-49A4-A577-416F0BD7B45F}"
EndProject
Project("{2150E333-8FDC-42A3-9474-1A3956D46DE8}") = "UI", "UI", "{48AC8989-71BA-4516-90DF-C15FFF19BAF4}"
EndProject
Project("{2150E333-8FDC-42A3-9474-1A3956D46DE8}") = "3-Service", "3-Service", "{6FC92A37-8816-4D7C-9A2A-3DF729E0D8B1}"
EndProject
Project("{2150E333-8FDC-42A3-9474-1A3956D46DE8}") = "Contract", "Contract", "{D956AF5C-5999-4449-950B-4B3C09E04EF0}"
EndProject
Project("{2150E333-8FDC-42A3-9474-1A3956D46DE8}") = "Implement", "Implement", "{2A92CD3E-F4D8-4E73-8EEE-8365A5CA3022}"
EndProject
Project("{2150E333-8FDC-42A3-9474-1A3956D46DE8}") = "ServiceReference", "ServiceReference", "{1EA0F773-809B-4A4A-9B40-E27D13091071}"
EndProject
Project("{2150E333-8FDC-42A3-9474-1A3956D46DE8}") = "4-Business", "4-Business", "{D145B067-25DF-40D4-B037-A7F1A7D1272E}"
EndProject
Project("{2150E333-8FDC-42A3-9474-1A3956D46DE8}") = "Domain", "Domain", "{0959FAEA-11A0-48C0-BFBB-2D4FEC00D616}"
EndProject
Project("{2150E333-8FDC-42A3-9474-1A3956D46DE8}") = "Facade", "Facade", "{3ABD5F5D-B42D-4CB5-94C4-D2566B9E8C67}"
EndProject
Project("{2150E333-8FDC-42A3-9474-1A3956D46DE8}") = "Logic", "Logic", "{B59F621A-DB08-40E4-95FA-FA94F8A27DA8}"
EndProject
Project("{2150E333-8FDC-42A3-9474-1A3956D46DE8}") = "5-Data", "5-Data", "{82537AA3-23D6-4D0F-9B09-C32F83ECF939}"
EndProject
Project("{2150E333-8FDC-42A3-9474-1A3956D46DE8}") = "DataAccess", "DataAccess", "{AB597370-BBF2-43BD-997E-D13AD0BCCE1B}"
EndProject
Project("{2150E333-8FDC-42A3-9474-1A3956D46DE8}") = "DTO", "DTO", "{3CFB9D67-99C5-4E7A-9420-ACA9B3B3DCDD}"
EndProject
Project("{2150E333-8FDC-42A3-9474-1A3956D46DE8}") = "Model", "Model", "{3C96453D-CBAA-48CD-A345-74764CA01598}"
EndProject
Project("{2150E333-8FDC-42A3-9474-1A3956D46DE8}") = "ORM", "ORM", "{82EE1BCA-0B1F-41E7-8138-0B578D087E81}"
EndProject
Project("{2150E333-8FDC-42A3-9474-1A3956D46DE8}") = "Repository", "Repository", "{74416823-5C13-4F4D-80F5-724CECF2A785}"
EndProject
Project("{2150E333-8FDC-42A3-9474-1A3956D46DE8}") = "ServiceAgent", "ServiceAgent", "{F1818B85-C8BC-4467-A5C2-D2B5CA5CAC95}"
EndProject
Project("{2150E333-8FDC-42A3-9474-1A3956D46DE8}") = "6-Crosscutting", "6-Crosscutting", "{03A8CCC6-9535-49C2-BC37-2D88B64C3119}"
EndProject
Project("{2150E333-8FDC-42A3-9474-1A3956D46DE8}") = "Caching", "Caching", "{2314AC28-CB01-4B6C-BF99-2D231C0C8BD7}"
EndProject
Project("{2150E333-8FDC-42A3-9474-1A3956D46DE8}") = "Configuration", "Configuration", "{A487743A-FAD3-4654-A68A-51DFC7C75F8C}"
EndProject
Project("{2150E333-8FDC-42A3-9474-1A3956D46DE8}") = "Exception", "Exception", "{6EE6B7C7-52BC-40A1-8445-552CC4164014}"
EndProject
Project("{2150E333-8FDC-42A3-9474-1A3956D46DE8}") = "Logging", "Logging", "{FCA9836F-A91E-41D4-9C83-BF1E2571AA86}"
EndProject
Project("{2150E333-8FDC-42A3-9474-1A3956D46DE8}") = "Security", "Security", "{720C824D-F19B-4ABE-8E30-4C3403792731}"
EndProject
Project("{2150E333-8FDC-42A3-9474-1A3956D46DE8}") = "Utility", "Utility", "{43AA0BDD-57B4-43D7-B599-73406F953EFF}"
EndProject
Project("{2150E333-8FDC-42A3-9474-1A3956D46DE8}") = "Validation", "Validation", "{962A7AB7-A368-4F69-961A-99FD1F00A089}"
EndProject
Project("{2150E333-8FDC-42A3-9474-1A3956D46DE8}") = "7-Host", "7-Host", "{A82E853A-14BB-432D-B974-59E04BCBC32F}"
EndProject
Project("{2150E333-8FDC-42A3-9474-1A3956D46DE8}") = "Console", "Console", "{3471D87B-6577-46C2-AC9D-CEECA02A0621}"
EndProject
Project("{2150E333-8FDC-42A3-9474-1A3956D46DE8}") = "WindowsService", "WindowsService", "{0E18BB92-E727-478E-8B72-DE386517750C}"
EndProject
Project("{2150E333-8FDC-42A3-9474-1A3956D46DE8}") = "8-Deployment", "8-Deployment", "{9BCBDEB2-ABF8-4866-AB7F-A4A2F8855A3B}"
EndProject
Project("{2150E333-8FDC-42A3-9474-1A3956D46DE8}") = "Database", "Database", "{DA0FFB03-2748-4147-9E0B-8102E2878434}"
EndProject
Project("{2150E333-8FDC-42A3-9474-1A3956D46DE8}") = "Script", "Script", "{85BA36C0-A33F-40CC-A7F9-640D79F4D891}"
EndProject
Project("{2150E333-8FDC-42A3-9474-1A3956D46DE8}") = "Setup", "Setup", "{0F09B6DC-4C8F-427C-A7AC-A5B8B79A344E}"
EndProject
Global
	GlobalSection(SolutionProperties) = preSolution
		HideSolutionNode = FALSE
	EndGlobalSection
	GlobalSection(NestedProjects) = preSolution
		{FF8087D2-F90C-49A4-A577-416F0BD7B45F} = {E1FF2D25-48E7-4C02-9FE6-1C76E9586149}
		{48AC8989-71BA-4516-90DF-C15FFF19BAF4} = {E1FF2D25-48E7-4C02-9FE6-1C76E9586149}
		{D956AF5C-5999-4449-950B-4B3C09E04EF0} = {6FC92A37-8816-4D7C-9A2A-3DF729E0D8B1}
		{2A92CD3E-F4D8-4E73-8EEE-8365A5CA3022} = {6FC92A37-8816-4D7C-9A2A-3DF729E0D8B1}
		{1EA0F773-809B-4A4A-9B40-E27D13091071} = {6FC92A37-8816-4D7C-9A2A-3DF729E0D8B1}
		{0959FAEA-11A0-48C0-BFBB-2D4FEC00D616} = {D145B067-25DF-40D4-B037-A7F1A7D1272E}
		{3ABD5F5D-B42D-4CB5-94C4-D2566B9E8C67} = {D145B067-25DF-40D4-B037-A7F1A7D1272E}
		{B59F621A-DB08-40E4-95FA-FA94F8A27DA8} = {D145B067-25DF-40D4-B037-A7F1A7D1272E}
		{AB597370-BBF2-43BD-997E-D13AD0BCCE1B} = {82537AA3-23D6-4D0F-9B09-C32F83ECF939}
		{3CFB9D67-99C5-4E7A-9420-ACA9B3B3DCDD} = {82537AA3-23D6-4D0F-9B09-C32F83ECF939}
		{3C96453D-CBAA-48CD-A345-74764CA01598} = {82537AA3-23D6-4D0F-9B09-C32F83ECF939}
		{82EE1BCA-0B1F-41E7-8138-0B578D087E81} = {82537AA3-23D6-4D0F-9B09-C32F83ECF939}
		{74416823-5C13-4F4D-80F5-724CECF2A785} = {82537AA3-23D6-4D0F-9B09-C32F83ECF939}
		{F1818B85-C8BC-4467-A5C2-D2B5CA5CAC95} = {82537AA3-23D6-4D0F-9B09-C32F83ECF939}
		{2314AC28-CB01-4B6C-BF99-2D231C0C8BD7} = {03A8CCC6-9535-49C2-BC37-2D88B64C3119}
		{A487743A-FAD3-4654-A68A-51DFC7C75F8C} = {03A8CCC6-9535-49C2-BC37-2D88B64C3119}
		{6EE6B7C7-52BC-40A1-8445-552CC4164014} = {03A8CCC6-9535-49C2-BC37-2D88B64C3119}
		{FCA9836F-A91E-41D4-9C83-BF1E2571AA86} = {03A8CCC6-9535-49C2-BC37-2D88B64C3119}
		{720C824D-F19B-4ABE-8E30-4C3403792731} = {03A8CCC6-9535-49C2-BC37-2D88B64C3119}
		{43AA0BDD-57B4-43D7-B599-73406F953EFF} = {03A8CCC6-9535-49C2-BC37-2D88B64C3119}
		{962A7AB7-A368-4F69-961A-99FD1F00A089} = {03A8CCC6-9535-49C2-BC37-2D88B64C3119}
		{3471D87B-6577-46C2-AC9D-CEECA02A0621} = {A82E853A-14BB-432D-B974-59E04BCBC32F}
		{0E18BB92-E727-478E-8B72-DE386517750C} = {A82E853A-14BB-432D-B974-59E04BCBC32F}
		{DA0FFB03-2748-4147-9E0B-8102E2878434} = {9BCBDEB2-ABF8-4866-AB7F-A4A2F8855A3B}
		{85BA36C0-A33F-40CC-A7F9-640D79F4D891} = {9BCBDEB2-ABF8-4866-AB7F-A4A2F8855A3B}
		{0F09B6DC-4C8F-427C-A7AC-A5B8B79A344E} = {9BCBDEB2-ABF8-4866-AB7F-A4A2F8855A3B}
	EndGlobalSection
EndGlobal
