
Microsoft Visual Studio Solution File, Format Version 11.00
# Visual Studio 2010
Project("{2150E333-8FDC-42A3-9474-1A3956D46DE8}") = "0-External", "0-External", "{681A19FF-62C0-4B60-979B-AB8CC665D306}"
EndProject
Project("{2150E333-8FDC-42A3-9474-1A3956D46DE8}") = "1-Presentation", "1-Presentation", "{95CE160B-79FB-4E8B-9B59-54DA0DE25CB9}"
EndProject
Project("{2150E333-8FDC-42A3-9474-1A3956D46DE8}") = "Logic", "Logic", "{8086769C-9776-4D9D-8CCC-9EBFFC3A3680}"
EndProject
Project("{2150E333-8FDC-42A3-9474-1A3956D46DE8}") = "UI", "UI", "{AE8E287C-8179-4158-A03C-957804A5C540}"
EndProject
Project("{2150E333-8FDC-42A3-9474-1A3956D46DE8}") = "2-Service", "2-Service", "{4CFE0040-F5B2-4B5B-9024-B32AF9465F04}"
EndProject
Project("{2150E333-8FDC-42A3-9474-1A3956D46DE8}") = "Contract", "Contract", "{C44020E6-5357-481D-B3E8-6D778A7C86BD}"
EndProject
Project("{2150E333-8FDC-42A3-9474-1A3956D46DE8}") = "Implement", "Implement", "{4CA81F06-C8E4-42CD-A323-117DC1FF162E}"
EndProject
Project("{2150E333-8FDC-42A3-9474-1A3956D46DE8}") = "ServiceReference", "ServiceReference", "{5D70C3C2-712F-4780-BA95-5B0E85BC1001}"
EndProject
Project("{2150E333-8FDC-42A3-9474-1A3956D46DE8}") = "3-Business", "3-Business", "{519E3E1B-8CEA-4994-8BA7-36607666B26F}"
EndProject
Project("{2150E333-8FDC-42A3-9474-1A3956D46DE8}") = "Entity", "Entity", "{E4E43985-249E-42F1-8190-C70F379CA16C}"
EndProject
Project("{2150E333-8FDC-42A3-9474-1A3956D46DE8}") = "Logic", "Logic", "{75C1ADFB-83AD-4173-8D72-5EE62B24558B}"
EndProject
Project("{2150E333-8FDC-42A3-9474-1A3956D46DE8}") = "Workflow", "Workflow", "{2EF0361F-FEAC-4B67-9EEE-F0959A59F896}"
EndProject
Project("{2150E333-8FDC-42A3-9474-1A3956D46DE8}") = "4-Data", "4-Data", "{E482EBB7-A285-4580-A082-64C464C3976E}"
EndProject
Project("{2150E333-8FDC-42A3-9474-1A3956D46DE8}") = "DataAccess", "DataAccess", "{3DD2087B-6A91-44FD-BE48-E23D14CF569F}"
EndProject
Project("{2150E333-8FDC-42A3-9474-1A3956D46DE8}") = "DTO", "DTO", "{E519A2A6-5E2E-4F0F-BFCC-EA010C5F9142}"
EndProject
Project("{2150E333-8FDC-42A3-9474-1A3956D46DE8}") = "Model", "Model", "{4C9BBE98-E668-4BD4-8870-8F4110446E98}"
EndProject
Project("{2150E333-8FDC-42A3-9474-1A3956D46DE8}") = "ORM", "ORM", "{EF6B810D-05DF-4D6F-9709-B48E0C0EE2D0}"
EndProject
Project("{2150E333-8FDC-42A3-9474-1A3956D46DE8}") = "ServiceAgent", "ServiceAgent", "{3249F0A3-20D7-49A2-8CB9-2235CBC4BC22}"
EndProject
Project("{2150E333-8FDC-42A3-9474-1A3956D46DE8}") = "5-Crosscutting", "5-Crosscutting", "{B7F4A349-19C0-4774-A731-AF27D1A89D92}"
EndProject
Project("{2150E333-8FDC-42A3-9474-1A3956D46DE8}") = "Caching", "Caching", "{8BCAD513-C5E9-4BFA-82CB-399CA17216E7}"
EndProject
Project("{2150E333-8FDC-42A3-9474-1A3956D46DE8}") = "Configuration", "Configuration", "{D4F70CF5-345A-4AE4-82D9-33C647D787DB}"
EndProject
Project("{2150E333-8FDC-42A3-9474-1A3956D46DE8}") = "Exception", "Exception", "{4D2B5552-9272-4445-BE10-C2410373091B}"
EndProject
Project("{2150E333-8FDC-42A3-9474-1A3956D46DE8}") = "Logging", "Logging", "{09BBD06B-3324-4EAC-972B-2FD6F9FB1BF9}"
EndProject
Project("{2150E333-8FDC-42A3-9474-1A3956D46DE8}") = "Security", "Security", "{4DC24043-CD32-4637-855C-A623E724863B}"
EndProject
Project("{2150E333-8FDC-42A3-9474-1A3956D46DE8}") = "Validation", "Validation", "{5A68D834-07A6-4C80-BDDA-51256E0EEEA6}"
EndProject
Project("{2150E333-8FDC-42A3-9474-1A3956D46DE8}") = "6-Host", "6-Host", "{01BA887B-4453-4AA2-8CF5-75E801378D5A}"
EndProject
Project("{2150E333-8FDC-42A3-9474-1A3956D46DE8}") = "Console", "Console", "{2B04A446-837B-4B2B-AD09-DA503029E48C}"
EndProject
Project("{2150E333-8FDC-42A3-9474-1A3956D46DE8}") = "WindowsService", "WindowsService", "{BCDFE2D8-8414-4F9A-A7C1-476C3F55A5DD}"
EndProject
Project("{2150E333-8FDC-42A3-9474-1A3956D46DE8}") = "7-Deployment", "7-Deployment", "{0F6CAA89-A3EB-4D22-BE09-6DCD563E664D}"
EndProject
Project("{2150E333-8FDC-42A3-9474-1A3956D46DE8}") = "Script", "Script", "{2EA1E9F2-EDE3-404A-BA97-B9B59FA0EABD}"
EndProject
Project("{2150E333-8FDC-42A3-9474-1A3956D46DE8}") = "Setup", "Setup", "{D6DF17AC-180D-430C-9186-B0B52E896767}"
EndProject
Global
	GlobalSection(SolutionProperties) = preSolution
		HideSolutionNode = FALSE
	EndGlobalSection
	GlobalSection(NestedProjects) = preSolution
		{8086769C-9776-4D9D-8CCC-9EBFFC3A3680} = {95CE160B-79FB-4E8B-9B59-54DA0DE25CB9}
		{AE8E287C-8179-4158-A03C-957804A5C540} = {95CE160B-79FB-4E8B-9B59-54DA0DE25CB9}
		{C44020E6-5357-481D-B3E8-6D778A7C86BD} = {4CFE0040-F5B2-4B5B-9024-B32AF9465F04}
		{4CA81F06-C8E4-42CD-A323-117DC1FF162E} = {4CFE0040-F5B2-4B5B-9024-B32AF9465F04}
		{5D70C3C2-712F-4780-BA95-5B0E85BC1001} = {4CFE0040-F5B2-4B5B-9024-B32AF9465F04}
		{E4E43985-249E-42F1-8190-C70F379CA16C} = {519E3E1B-8CEA-4994-8BA7-36607666B26F}
		{75C1ADFB-83AD-4173-8D72-5EE62B24558B} = {519E3E1B-8CEA-4994-8BA7-36607666B26F}
		{2EF0361F-FEAC-4B67-9EEE-F0959A59F896} = {519E3E1B-8CEA-4994-8BA7-36607666B26F}
		{3DD2087B-6A91-44FD-BE48-E23D14CF569F} = {E482EBB7-A285-4580-A082-64C464C3976E}
		{E519A2A6-5E2E-4F0F-BFCC-EA010C5F9142} = {E482EBB7-A285-4580-A082-64C464C3976E}
		{4C9BBE98-E668-4BD4-8870-8F4110446E98} = {E482EBB7-A285-4580-A082-64C464C3976E}
		{EF6B810D-05DF-4D6F-9709-B48E0C0EE2D0} = {E482EBB7-A285-4580-A082-64C464C3976E}
		{3249F0A3-20D7-49A2-8CB9-2235CBC4BC22} = {E482EBB7-A285-4580-A082-64C464C3976E}
		{8BCAD513-C5E9-4BFA-82CB-399CA17216E7} = {B7F4A349-19C0-4774-A731-AF27D1A89D92}
		{D4F70CF5-345A-4AE4-82D9-33C647D787DB} = {B7F4A349-19C0-4774-A731-AF27D1A89D92}
		{4D2B5552-9272-4445-BE10-C2410373091B} = {B7F4A349-19C0-4774-A731-AF27D1A89D92}
		{09BBD06B-3324-4EAC-972B-2FD6F9FB1BF9} = {B7F4A349-19C0-4774-A731-AF27D1A89D92}
		{4DC24043-CD32-4637-855C-A623E724863B} = {B7F4A349-19C0-4774-A731-AF27D1A89D92}
		{5A68D834-07A6-4C80-BDDA-51256E0EEEA6} = {B7F4A349-19C0-4774-A731-AF27D1A89D92}
		{2B04A446-837B-4B2B-AD09-DA503029E48C} = {01BA887B-4453-4AA2-8CF5-75E801378D5A}
		{BCDFE2D8-8414-4F9A-A7C1-476C3F55A5DD} = {01BA887B-4453-4AA2-8CF5-75E801378D5A}
		{2EA1E9F2-EDE3-404A-BA97-B9B59FA0EABD} = {0F6CAA89-A3EB-4D22-BE09-6DCD563E664D}
		{D6DF17AC-180D-430C-9186-B0B52E896767} = {0F6CAA89-A3EB-4D22-BE09-6DCD563E664D}
	EndGlobalSection
EndGlobal
