
Microsoft Visual Studio Solution File, Format Version 12.00
# Visual Studio 2012
Project("{2150E333-8FDC-42A3-9474-1A3956D46DE8}") = "0-External", "0-External", "{262BF8BA-AB9D-48E3-B1A7-EE8F9C0DE1B1}"
EndProject
Project("{2150E333-8FDC-42A3-9474-1A3956D46DE8}") = "1-Presentation", "1-Presentation", "{396FDC65-14D5-4A97-9297-908E843B2321}"
EndProject
Project("{2150E333-8FDC-42A3-9474-1A3956D46DE8}") = "Logic", "Logic", "{93093EA9-F169-4682-90D9-39CE74776017}"
EndProject
Project("{2150E333-8FDC-42A3-9474-1A3956D46DE8}") = "UI", "UI", "{902910B0-6485-4842-9465-72AE8110067D}"
EndProject
Project("{2150E333-8FDC-42A3-9474-1A3956D46DE8}") = "2-Service", "2-Service", "{3766FC93-C77C-4363-8E0E-6F57E60FB5FF}"
EndProject
Project("{2150E333-8FDC-42A3-9474-1A3956D46DE8}") = "Contract", "Contract", "{B5124813-78CC-4B8D-A589-436EA8D6E138}"
EndProject
Project("{2150E333-8FDC-42A3-9474-1A3956D46DE8}") = "Implement", "Implement", "{93EED0C3-305F-45B1-AE87-54EDFEAACD68}"
EndProject
Project("{2150E333-8FDC-42A3-9474-1A3956D46DE8}") = "ServiceReference", "ServiceReference", "{E5790446-C084-4F12-94C3-9A2A3F488803}"
EndProject
Project("{2150E333-8FDC-42A3-9474-1A3956D46DE8}") = "3-Business", "3-Business", "{1F0EEA62-DD17-44A3-A64E-8DD5DFD21CBA}"
EndProject
Project("{2150E333-8FDC-42A3-9474-1A3956D46DE8}") = "Entity", "Entity", "{9F5BFAD8-31D2-4D62-B458-D009393AF57E}"
EndProject
Project("{2150E333-8FDC-42A3-9474-1A3956D46DE8}") = "Logic", "Logic", "{9378978C-C580-491B-AC35-BDF6C08C9D3E}"
EndProject
Project("{2150E333-8FDC-42A3-9474-1A3956D46DE8}") = "Workflow", "Workflow", "{09D4A4A8-6976-4014-8467-F74E67AD2746}"
EndProject
Project("{2150E333-8FDC-42A3-9474-1A3956D46DE8}") = "4-Data", "4-Data", "{0DF6982B-39D5-4D04-B90A-E8BB94E25AB5}"
EndProject
Project("{2150E333-8FDC-42A3-9474-1A3956D46DE8}") = "DataAccess", "DataAccess", "{6AB55B81-52FC-4925-B3E7-5C4A1F7D83B1}"
EndProject
Project("{2150E333-8FDC-42A3-9474-1A3956D46DE8}") = "DTO", "DTO", "{A98A2FAC-7870-4C04-AA5E-B795BA46484A}"
EndProject
Project("{2150E333-8FDC-42A3-9474-1A3956D46DE8}") = "Model", "Model", "{D6E85E75-F6E6-4FF8-9739-7E67C92F07D3}"
EndProject
Project("{2150E333-8FDC-42A3-9474-1A3956D46DE8}") = "ORM", "ORM", "{ABA65E69-B8EE-441F-B422-AC6B16D03148}"
EndProject
Project("{2150E333-8FDC-42A3-9474-1A3956D46DE8}") = "ServiceAgent", "ServiceAgent", "{536F35FE-3AEB-4478-9E8B-7278BF47AFB1}"
EndProject
Project("{2150E333-8FDC-42A3-9474-1A3956D46DE8}") = "5-Crosscutting", "5-Crosscutting", "{206D55EC-44DF-4723-BFAF-7274CDAD5ACE}"
EndProject
Project("{2150E333-8FDC-42A3-9474-1A3956D46DE8}") = "Caching", "Caching", "{57875260-423E-457E-ADCB-0CAF00DAE418}"
EndProject
Project("{2150E333-8FDC-42A3-9474-1A3956D46DE8}") = "Configuration", "Configuration", "{5B9A6473-F23F-434F-92BD-254E5EF768F6}"
EndProject
Project("{2150E333-8FDC-42A3-9474-1A3956D46DE8}") = "Exception", "Exception", "{229E33D0-78CF-4F56-93A3-FB32F186110E}"
EndProject
Project("{2150E333-8FDC-42A3-9474-1A3956D46DE8}") = "Logging", "Logging", "{AA517193-F7F7-4487-92A9-3C9C641FDD62}"
EndProject
Project("{2150E333-8FDC-42A3-9474-1A3956D46DE8}") = "Security", "Security", "{31C89B9A-205E-4B77-9F45-FFC1AAA2ADD7}"
EndProject
Project("{2150E333-8FDC-42A3-9474-1A3956D46DE8}") = "Validation", "Validation", "{40CD3528-F9EE-4736-A523-87F7A8F4CF46}"
EndProject
Project("{2150E333-8FDC-42A3-9474-1A3956D46DE8}") = "6-Host", "6-Host", "{8862885C-52F9-495A-A480-DBB155B5BC86}"
EndProject
Project("{2150E333-8FDC-42A3-9474-1A3956D46DE8}") = "Console", "Console", "{572C6A08-42E2-4464-A28F-B76F4F88BFE4}"
EndProject
Project("{2150E333-8FDC-42A3-9474-1A3956D46DE8}") = "WindowsService", "WindowsService", "{E675BCC4-BA3C-434D-B030-B46A1E2767EE}"
EndProject
Project("{2150E333-8FDC-42A3-9474-1A3956D46DE8}") = "7-Deployment", "7-Deployment", "{703E870E-D133-4C2C-B6C9-24ED0EF9C52F}"
EndProject
Project("{2150E333-8FDC-42A3-9474-1A3956D46DE8}") = "Script", "Script", "{4EC7526F-B6CE-4F53-AA51-93AB7D849646}"
EndProject
Project("{2150E333-8FDC-42A3-9474-1A3956D46DE8}") = "Setup", "Setup", "{51EAEB70-8976-48F2-B4A6-78F75CA48A83}"
EndProject
Global
	GlobalSection(SolutionProperties) = preSolution
		HideSolutionNode = FALSE
	EndGlobalSection
	GlobalSection(NestedProjects) = preSolution
		{93093EA9-F169-4682-90D9-39CE74776017} = {396FDC65-14D5-4A97-9297-908E843B2321}
		{902910B0-6485-4842-9465-72AE8110067D} = {396FDC65-14D5-4A97-9297-908E843B2321}
		{B5124813-78CC-4B8D-A589-436EA8D6E138} = {3766FC93-C77C-4363-8E0E-6F57E60FB5FF}
		{93EED0C3-305F-45B1-AE87-54EDFEAACD68} = {3766FC93-C77C-4363-8E0E-6F57E60FB5FF}
		{E5790446-C084-4F12-94C3-9A2A3F488803} = {3766FC93-C77C-4363-8E0E-6F57E60FB5FF}
		{9F5BFAD8-31D2-4D62-B458-D009393AF57E} = {1F0EEA62-DD17-44A3-A64E-8DD5DFD21CBA}
		{9378978C-C580-491B-AC35-BDF6C08C9D3E} = {1F0EEA62-DD17-44A3-A64E-8DD5DFD21CBA}
		{09D4A4A8-6976-4014-8467-F74E67AD2746} = {1F0EEA62-DD17-44A3-A64E-8DD5DFD21CBA}
		{6AB55B81-52FC-4925-B3E7-5C4A1F7D83B1} = {0DF6982B-39D5-4D04-B90A-E8BB94E25AB5}
		{A98A2FAC-7870-4C04-AA5E-B795BA46484A} = {0DF6982B-39D5-4D04-B90A-E8BB94E25AB5}
		{D6E85E75-F6E6-4FF8-9739-7E67C92F07D3} = {0DF6982B-39D5-4D04-B90A-E8BB94E25AB5}
		{ABA65E69-B8EE-441F-B422-AC6B16D03148} = {0DF6982B-39D5-4D04-B90A-E8BB94E25AB5}
		{536F35FE-3AEB-4478-9E8B-7278BF47AFB1} = {0DF6982B-39D5-4D04-B90A-E8BB94E25AB5}
		{57875260-423E-457E-ADCB-0CAF00DAE418} = {206D55EC-44DF-4723-BFAF-7274CDAD5ACE}
		{5B9A6473-F23F-434F-92BD-254E5EF768F6} = {206D55EC-44DF-4723-BFAF-7274CDAD5ACE}
		{229E33D0-78CF-4F56-93A3-FB32F186110E} = {206D55EC-44DF-4723-BFAF-7274CDAD5ACE}
		{AA517193-F7F7-4487-92A9-3C9C641FDD62} = {206D55EC-44DF-4723-BFAF-7274CDAD5ACE}
		{31C89B9A-205E-4B77-9F45-FFC1AAA2ADD7} = {206D55EC-44DF-4723-BFAF-7274CDAD5ACE}
		{40CD3528-F9EE-4736-A523-87F7A8F4CF46} = {206D55EC-44DF-4723-BFAF-7274CDAD5ACE}
		{572C6A08-42E2-4464-A28F-B76F4F88BFE4} = {8862885C-52F9-495A-A480-DBB155B5BC86}
		{E675BCC4-BA3C-434D-B030-B46A1E2767EE} = {8862885C-52F9-495A-A480-DBB155B5BC86}
		{4EC7526F-B6CE-4F53-AA51-93AB7D849646} = {703E870E-D133-4C2C-B6C9-24ED0EF9C52F}
		{51EAEB70-8976-48F2-B4A6-78F75CA48A83} = {703E870E-D133-4C2C-B6C9-24ED0EF9C52F}
	EndGlobalSection
EndGlobal
