
Microsoft Visual Studio Solution File, Format Version 10.00
# Visual Studio 2008
Project("{2150E333-8FDC-42A3-9474-1A3956D46DE8}") = "0-External", "0-External", "{17D55F33-09E7-4EE4-97D5-895330A53256}"
EndProject
Project("{2150E333-8FDC-42A3-9474-1A3956D46DE8}") = "1-Presentation", "1-Presentation", "{BE002A3C-C496-4BAB-AF33-1B9B77DC05DC}"
EndProject
Project("{2150E333-8FDC-42A3-9474-1A3956D46DE8}") = "Logic", "Logic", "{CD9720A0-784B-462E-8B04-FEF815A7739E}"
EndProject
Project("{2150E333-8FDC-42A3-9474-1A3956D46DE8}") = "UI", "UI", "{236DA520-BEFD-4AEC-8B28-84D07BE1A9BB}"
EndProject
Project("{2150E333-8FDC-42A3-9474-1A3956D46DE8}") = "2-Service", "2-Service", "{DD68C63A-37AE-4D77-ADF0-38713BEE6F94}"
EndProject
Project("{2150E333-8FDC-42A3-9474-1A3956D46DE8}") = "Contract", "Contract", "{8F2D3848-878E-463A-8117-CC2FDB12A602}"
EndProject
Project("{2150E333-8FDC-42A3-9474-1A3956D46DE8}") = "Implement", "Implement", "{0AA28B2D-CCB3-4DEE-8772-57F20CFFC301}"
EndProject
Project("{2150E333-8FDC-42A3-9474-1A3956D46DE8}") = "ServiceReference", "ServiceReference", "{8B592DFA-4880-4720-A04A-DB81B136F7AF}"
EndProject
Project("{2150E333-8FDC-42A3-9474-1A3956D46DE8}") = "3-Business", "3-Business", "{C302FF37-1E40-44A1-AD62-0CCE76352DA9}"
EndProject
Project("{2150E333-8FDC-42A3-9474-1A3956D46DE8}") = "Entity", "Entity", "{31FA58D9-1882-4FD9-9368-4FEA735B4FCA}"
EndProject
Project("{2150E333-8FDC-42A3-9474-1A3956D46DE8}") = "Logic", "Logic", "{07864988-161B-45D7-9791-C6A45A0FEAF9}"
EndProject
Project("{2150E333-8FDC-42A3-9474-1A3956D46DE8}") = "Workflow", "Workflow", "{9CC7ECAE-1443-430E-ACA6-720EB2354F7A}"
EndProject
Project("{2150E333-8FDC-42A3-9474-1A3956D46DE8}") = "4-Data", "4-Data", "{93926793-E2FB-440F-B5F5-5823706337C6}"
EndProject
Project("{2150E333-8FDC-42A3-9474-1A3956D46DE8}") = "DataAccess", "DataAccess", "{85F58704-ABBE-4637-BFA1-BFDF3E980F24}"
EndProject
Project("{2150E333-8FDC-42A3-9474-1A3956D46DE8}") = "DTO", "DTO", "{A9C0A27E-ECB0-427F-A8D2-08908DB5A995}"
EndProject
Project("{2150E333-8FDC-42A3-9474-1A3956D46DE8}") = "Model", "Model", "{DF2D5EE7-D3E5-4E64-B6F7-CBB2716BE508}"
EndProject
Project("{2150E333-8FDC-42A3-9474-1A3956D46DE8}") = "ORM", "ORM", "{EB603799-5177-4A32-8ABB-4CF76E9A5D7D}"
EndProject
Project("{2150E333-8FDC-42A3-9474-1A3956D46DE8}") = "ServiceAgent", "ServiceAgent", "{42D11C3D-CE6C-41A0-B69F-2E484233733F}"
EndProject
Project("{2150E333-8FDC-42A3-9474-1A3956D46DE8}") = "5-Crosscutting", "5-Crosscutting", "{4557F315-5860-4DA3-811C-304C0F4C5BF6}"
EndProject
Project("{2150E333-8FDC-42A3-9474-1A3956D46DE8}") = "Caching", "Caching", "{775BB120-4F8E-45B5-AA15-E3BF98828285}"
EndProject
Project("{2150E333-8FDC-42A3-9474-1A3956D46DE8}") = "Configuration", "Configuration", "{AF4F9784-626B-4B30-85B9-5673180BAE90}"
EndProject
Project("{2150E333-8FDC-42A3-9474-1A3956D46DE8}") = "Exception", "Exception", "{47EBBF7F-6AF7-4284-8757-5A58B42FF81A}"
EndProject
Project("{2150E333-8FDC-42A3-9474-1A3956D46DE8}") = "Logging", "Logging", "{42552349-EFCB-46C4-9DCE-8502ADB488F0}"
EndProject
Project("{2150E333-8FDC-42A3-9474-1A3956D46DE8}") = "Security", "Security", "{70A3A2A5-1D81-4E61-9B0A-77C8C7452E49}"
EndProject
Project("{2150E333-8FDC-42A3-9474-1A3956D46DE8}") = "Validation", "Validation", "{1F1BAB1D-34F1-4581-B296-D224D8BF0B68}"
EndProject
Project("{2150E333-8FDC-42A3-9474-1A3956D46DE8}") = "6-Host", "6-Host", "{C5C21963-DDE5-485C-A135-4FCBF5D0DF73}"
EndProject
Project("{2150E333-8FDC-42A3-9474-1A3956D46DE8}") = "Console", "Console", "{3BC70DE3-7D99-46F0-9835-5074126AFE3F}"
EndProject
Project("{2150E333-8FDC-42A3-9474-1A3956D46DE8}") = "WindowsService", "WindowsService", "{739AFE73-5B64-499A-9615-71C92BA6E90F}"
EndProject
Project("{2150E333-8FDC-42A3-9474-1A3956D46DE8}") = "7-Deployment", "7-Deployment", "{C2DA1CF6-9AB0-43B2-9488-D34E8F100ADB}"
EndProject
Project("{2150E333-8FDC-42A3-9474-1A3956D46DE8}") = "Script", "Script", "{0AD2ADAD-854C-43E6-A702-4F3C15F3C505}"
EndProject
Project("{2150E333-8FDC-42A3-9474-1A3956D46DE8}") = "Setup", "Setup", "{C2BBA9F2-234D-4B1F-948C-ED0C8E0D881E}"
EndProject
Global
	GlobalSection(SolutionProperties) = preSolution
		HideSolutionNode = FALSE
	EndGlobalSection
	GlobalSection(NestedProjects) = preSolution
		{CD9720A0-784B-462E-8B04-FEF815A7739E} = {BE002A3C-C496-4BAB-AF33-1B9B77DC05DC}
		{236DA520-BEFD-4AEC-8B28-84D07BE1A9BB} = {BE002A3C-C496-4BAB-AF33-1B9B77DC05DC}
		{8F2D3848-878E-463A-8117-CC2FDB12A602} = {DD68C63A-37AE-4D77-ADF0-38713BEE6F94}
		{0AA28B2D-CCB3-4DEE-8772-57F20CFFC301} = {DD68C63A-37AE-4D77-ADF0-38713BEE6F94}
		{8B592DFA-4880-4720-A04A-DB81B136F7AF} = {DD68C63A-37AE-4D77-ADF0-38713BEE6F94}
		{31FA58D9-1882-4FD9-9368-4FEA735B4FCA} = {C302FF37-1E40-44A1-AD62-0CCE76352DA9}
		{07864988-161B-45D7-9791-C6A45A0FEAF9} = {C302FF37-1E40-44A1-AD62-0CCE76352DA9}
		{9CC7ECAE-1443-430E-ACA6-720EB2354F7A} = {C302FF37-1E40-44A1-AD62-0CCE76352DA9}
		{85F58704-ABBE-4637-BFA1-BFDF3E980F24} = {93926793-E2FB-440F-B5F5-5823706337C6}
		{A9C0A27E-ECB0-427F-A8D2-08908DB5A995} = {93926793-E2FB-440F-B5F5-5823706337C6}
		{DF2D5EE7-D3E5-4E64-B6F7-CBB2716BE508} = {93926793-E2FB-440F-B5F5-5823706337C6}
		{EB603799-5177-4A32-8ABB-4CF76E9A5D7D} = {93926793-E2FB-440F-B5F5-5823706337C6}
		{42D11C3D-CE6C-41A0-B69F-2E484233733F} = {93926793-E2FB-440F-B5F5-5823706337C6}
		{775BB120-4F8E-45B5-AA15-E3BF98828285} = {4557F315-5860-4DA3-811C-304C0F4C5BF6}
		{AF4F9784-626B-4B30-85B9-5673180BAE90} = {4557F315-5860-4DA3-811C-304C0F4C5BF6}
		{47EBBF7F-6AF7-4284-8757-5A58B42FF81A} = {4557F315-5860-4DA3-811C-304C0F4C5BF6}
		{42552349-EFCB-46C4-9DCE-8502ADB488F0} = {4557F315-5860-4DA3-811C-304C0F4C5BF6}
		{70A3A2A5-1D81-4E61-9B0A-77C8C7452E49} = {4557F315-5860-4DA3-811C-304C0F4C5BF6}
		{1F1BAB1D-34F1-4581-B296-D224D8BF0B68} = {4557F315-5860-4DA3-811C-304C0F4C5BF6}
		{3BC70DE3-7D99-46F0-9835-5074126AFE3F} = {C5C21963-DDE5-485C-A135-4FCBF5D0DF73}
		{739AFE73-5B64-499A-9615-71C92BA6E90F} = {C5C21963-DDE5-485C-A135-4FCBF5D0DF73}
		{0AD2ADAD-854C-43E6-A702-4F3C15F3C505} = {C2DA1CF6-9AB0-43B2-9488-D34E8F100ADB}
		{C2BBA9F2-234D-4B1F-948C-ED0C8E0D881E} = {C2DA1CF6-9AB0-43B2-9488-D34E8F100ADB}
	EndGlobalSection
EndGlobal
